// !$*UTF8*$!
{
	archiveVersion = 1;
	classes = {
	};
	objectVersion = 45;
	objects = {

/* Begin PBXBuildFile section */
		2206CC6711F853B000CDD442 /* ECProperties.h in Headers */ = {isa = PBXBuildFile; fileRef = 2206CC6511F853B000CDD442 /* ECProperties.h */; settings = {ATTRIBUTES = (Public, ); }; };
		2206CCAB11F875CD00CDD442 /* ECTickListTableController.h in Headers */ = {isa = PBXBuildFile; fileRef = 2206CCA911F875CD00CDD442 /* ECTickListTableController.h */; settings = {ATTRIBUTES = (Public, ); }; };
		2206CCAC11F875CD00CDD442 /* ECTickListTableController.m in Sources */ = {isa = PBXBuildFile; fileRef = 2206CCAA11F875CD00CDD442 /* ECTickListTableController.m */; };
		2207E05D11F742F3004BB01D /* ECNavigationController.h in Headers */ = {isa = PBXBuildFile; fileRef = 2207E05B11F742F3004BB01D /* ECNavigationController.h */; settings = {ATTRIBUTES = (Public, ); }; };
		2207E05E11F742F3004BB01D /* ECNavigationController.m in Sources */ = {isa = PBXBuildFile; fileRef = 2207E05C11F742F3004BB01D /* ECNavigationController.m */; };
		2210B6211152E695006C6CCA /* Carbon.framework in Frameworks */ = {isa = PBXBuildFile; fileRef = 2210B6201152E695006C6CCA /* Carbon.framework */; };
		2232B68411FA02BB001846FC /* ECDataItem.h in Headers */ = {isa = PBXBuildFile; fileRef = 2232B68211FA02BB001846FC /* ECDataItem.h */; };
		2232B68511FA02BB001846FC /* ECDataItem.h in Headers */ = {isa = PBXBuildFile; fileRef = 2232B68211FA02BB001846FC /* ECDataItem.h */; settings = {ATTRIBUTES = (Public, ); }; };
		2232B68611FA02BB001846FC /* ECDataItem.m in Sources */ = {isa = PBXBuildFile; fileRef = 2232B68311FA02BB001846FC /* ECDataItem.m */; };
		2232B68711FA02BB001846FC /* ECDataItem.m in Sources */ = {isa = PBXBuildFile; fileRef = 2232B68311FA02BB001846FC /* ECDataItem.m */; };
		2232B68A11FA02E6001846FC /* ECDataItemTests.m in Sources */ = {isa = PBXBuildFile; fileRef = 2232B68911FA02E6001846FC /* ECDataItemTests.m */; };
		2232B68B11FA02E6001846FC /* ECDataItemTests.m in Sources */ = {isa = PBXBuildFile; fileRef = 2232B68911FA02E6001846FC /* ECDataItemTests.m */; };
		223EFD0111F883CA00CD6D19 /* ECDataDrivenView.h in Headers */ = {isa = PBXBuildFile; fileRef = 223EFCFF11F883CA00CD6D19 /* ECDataDrivenView.h */; settings = {ATTRIBUTES = (Public, ); }; };
		223EFD0211F883CA00CD6D19 /* ECDataDrivenView.m in Sources */ = {isa = PBXBuildFile; fileRef = 223EFD0011F883CA00CD6D19 /* ECDataDrivenView.m */; };
		22592EC211F5BEDD0056FF4B /* ECLabelValueTableController.m in Sources */ = {isa = PBXBuildFile; fileRef = 22592EB611F5BBDA0056FF4B /* ECLabelValueTableController.m */; };
		22592FA811F5C9660056FF4B /* ECLabelValueTableController.h in Headers */ = {isa = PBXBuildFile; fileRef = 22592EB511F5BBDA0056FF4B /* ECLabelValueTableController.h */; settings = {ATTRIBUTES = (Public, ); }; };
		225EC68411EBAC3D00A97AEA /* NSDictionary+ECUtilitiesTests.m in Sources */ = {isa = PBXBuildFile; fileRef = 225EC68311EBAC3D00A97AEA /* NSDictionary+ECUtilitiesTests.m */; };
		225EC6AB11EBAF4900A97AEA /* ECFoundation.framework in Frameworks */ = {isa = PBXBuildFile; fileRef = 8DC2EF5B0486A6940098B216 /* ECFoundation.framework */; };
		226E1F9F11F8D03E00603F71 /* ECAssertion.h in Headers */ = {isa = PBXBuildFile; fileRef = 226E1F9D11F8D03E00603F71 /* ECAssertion.h */; settings = {ATTRIBUTES = (Public, ); }; };
		226E1FA011F8D03E00603F71 /* ECLogging.h in Headers */ = {isa = PBXBuildFile; fileRef = 226E1F9E11F8D03E00603F71 /* ECLogging.h */; settings = {ATTRIBUTES = (Public, ); }; };
		226E1FA111F8D03E00603F71 /* ECAssertion.h in Headers */ = {isa = PBXBuildFile; fileRef = 226E1F9D11F8D03E00603F71 /* ECAssertion.h */; };
		226E1FA211F8D03E00603F71 /* ECLogging.h in Headers */ = {isa = PBXBuildFile; fileRef = 226E1F9E11F8D03E00603F71 /* ECLogging.h */; };
		226E1FAE11F8D0A300603F71 /* ECMacros.h in Headers */ = {isa = PBXBuildFile; fileRef = 226E1FAD11F8D0A300603F71 /* ECMacros.h */; settings = {ATTRIBUTES = (Public, ); }; };
		226E1FAF11F8D0A300603F71 /* ECMacros.h in Headers */ = {isa = PBXBuildFile; fileRef = 226E1FAD11F8D0A300603F71 /* ECMacros.h */; };
		227333B511EBBA2800695FB4 /* ECFoundation.framework in Frameworks */ = {isa = PBXBuildFile; fileRef = 8DC2EF5B0486A6940098B216 /* ECFoundation.framework */; };
		227333B911EBBA3000695FB4 /* GHUnit.framework in Frameworks */ = {isa = PBXBuildFile; fileRef = 227333B811EBBA3000695FB4 /* GHUnit.framework */; };
		227333BE11EBBAA400695FB4 /* GHUnitTestMain.m in Sources */ = {isa = PBXBuildFile; fileRef = 227333BD11EBBAA400695FB4 /* GHUnitTestMain.m */; };
		227333C611EBBADD00695FB4 /* NSDictionary+ECUtilitiesTests.m in Sources */ = {isa = PBXBuildFile; fileRef = 225EC68311EBAC3D00A97AEA /* NSDictionary+ECUtilitiesTests.m */; };
		2273344811EBC1CB00695FB4 /* ECTestCase.m in Sources */ = {isa = PBXBuildFile; fileRef = 2273344711EBC1CB00695FB4 /* ECTestCase.m */; };
		2273346511EBC45300695FB4 /* ECTestCase.m in Sources */ = {isa = PBXBuildFile; fileRef = 2273344711EBC1CB00695FB4 /* ECTestCase.m */; };
		2273350311EC95E000695FB4 /* NSURL+ECUtilitiesTests.m in Sources */ = {isa = PBXBuildFile; fileRef = 2273350011EC95E000695FB4 /* NSURL+ECUtilitiesTests.m */; };
		2273350411EC95E000695FB4 /* NSWorkspace+ECUtilitiesTests.m in Sources */ = {isa = PBXBuildFile; fileRef = 2273350211EC95E000695FB4 /* NSWorkspace+ECUtilitiesTests.m */; };
		2273350511EC95E000695FB4 /* NSURL+ECUtilitiesTests.m in Sources */ = {isa = PBXBuildFile; fileRef = 2273350011EC95E000695FB4 /* NSURL+ECUtilitiesTests.m */; };
		2273350611EC95E000695FB4 /* NSWorkspace+ECUtilitiesTests.m in Sources */ = {isa = PBXBuildFile; fileRef = 2273350211EC95E000695FB4 /* NSWorkspace+ECUtilitiesTests.m */; };
		227EEB4211A6BC66009420F7 /* ECFoundationDebugSettings.xcconfig in Resources */ = {isa = PBXBuildFile; fileRef = 227EEB3911A6BC66009420F7 /* ECFoundationDebugSettings.xcconfig */; };
		227EEB4311A6BC66009420F7 /* ECFoundationReleaseSettings.xcconfig in Resources */ = {isa = PBXBuildFile; fileRef = 227EEB3A11A6BC66009420F7 /* ECFoundationReleaseSettings.xcconfig */; };
		227EEB4411A6BC66009420F7 /* ECFoundationSharedSettings.xcconfig in Resources */ = {isa = PBXBuildFile; fileRef = 227EEB3B11A6BC66009420F7 /* ECFoundationSharedSettings.xcconfig */; };
		227EEB4511A6BC66009420F7 /* ECMacDebugSettings.xcconfig in Resources */ = {isa = PBXBuildFile; fileRef = 227EEB3C11A6BC66009420F7 /* ECMacDebugSettings.xcconfig */; };
		227EEB4611A6BC66009420F7 /* ECMacReleaseSettings.xcconfig in Resources */ = {isa = PBXBuildFile; fileRef = 227EEB3D11A6BC66009420F7 /* ECMacReleaseSettings.xcconfig */; };
		227EEB4711A6BC66009420F7 /* ECMacSharedSettings.xcconfig in Resources */ = {isa = PBXBuildFile; fileRef = 227EEB3E11A6BC66009420F7 /* ECMacSharedSettings.xcconfig */; };
		227EEB4811A6BC66009420F7 /* ECTouchDebugSettings.xcconfig in Resources */ = {isa = PBXBuildFile; fileRef = 227EEB3F11A6BC66009420F7 /* ECTouchDebugSettings.xcconfig */; };
		227EEB4911A6BC66009420F7 /* ECTouchReleaseSettings.xcconfig in Resources */ = {isa = PBXBuildFile; fileRef = 227EEB4011A6BC66009420F7 /* ECTouchReleaseSettings.xcconfig */; };
		227EEB4A11A6BC66009420F7 /* ECTouchSharedSettings.xcconfig in Resources */ = {isa = PBXBuildFile; fileRef = 227EEB4111A6BC66009420F7 /* ECTouchSharedSettings.xcconfig */; };
		227EEB6B11A6BCC4009420F7 /* ECAboutBoxController.h in Headers */ = {isa = PBXBuildFile; fileRef = 227EEB4F11A6BCC4009420F7 /* ECAboutBoxController.h */; };
		227EEB6C11A6BCC4009420F7 /* ECAboutBoxController.m in Sources */ = {isa = PBXBuildFile; fileRef = 227EEB5011A6BCC4009420F7 /* ECAboutBoxController.m */; };
		227EEB6D11A6BCC4009420F7 /* NSApplication+DockIcon.h in Headers */ = {isa = PBXBuildFile; fileRef = 227EEB5211A6BCC4009420F7 /* NSApplication+DockIcon.h */; };
		227EEB6E11A6BCC4009420F7 /* NSApplication+DockIcon.m in Sources */ = {isa = PBXBuildFile; fileRef = 227EEB5311A6BCC4009420F7 /* NSApplication+DockIcon.m */; };
		227EEB6F11A6BCC4009420F7 /* ECTextFieldCell.h in Headers */ = {isa = PBXBuildFile; fileRef = 227EEB5511A6BCC4009420F7 /* ECTextFieldCell.h */; };
		227EEB7011A6BCC4009420F7 /* ECTextFieldCell.m in Sources */ = {isa = PBXBuildFile; fileRef = 227EEB5611A6BCC4009420F7 /* ECTextFieldCell.m */; };
		227EEB7111A6BCC4009420F7 /* ECLegalFilenameFormatter.h in Headers */ = {isa = PBXBuildFile; fileRef = 227EEB5811A6BCC4009420F7 /* ECLegalFilenameFormatter.h */; };
		227EEB7211A6BCC4009420F7 /* ECLegalFilenameFormatter.m in Sources */ = {isa = PBXBuildFile; fileRef = 227EEB5911A6BCC4009420F7 /* ECLegalFilenameFormatter.m */; };
		227EEB7311A6BCC4009420F7 /* ECPreferencePanel.h in Headers */ = {isa = PBXBuildFile; fileRef = 227EEB5B11A6BCC4009420F7 /* ECPreferencePanel.h */; };
		227EEB7411A6BCC4009420F7 /* ECPreferencePanel.m in Sources */ = {isa = PBXBuildFile; fileRef = 227EEB5C11A6BCC4009420F7 /* ECPreferencePanel.m */; };
		227EEB7511A6BCC4009420F7 /* ECPreferencePaneProtocol.h in Headers */ = {isa = PBXBuildFile; fileRef = 227EEB5D11A6BCC4009420F7 /* ECPreferencePaneProtocol.h */; };
		227EEB7611A6BCC4009420F7 /* ECPreferencesController.h in Headers */ = {isa = PBXBuildFile; fileRef = 227EEB5E11A6BCC4009420F7 /* ECPreferencesController.h */; };
		227EEB7711A6BCC4009420F7 /* ECPreferencesController.m in Sources */ = {isa = PBXBuildFile; fileRef = 227EEB5F11A6BCC4009420F7 /* ECPreferencesController.m */; };
		227EEB7811A6BCC4009420F7 /* NSURL+ECUtilities.h in Headers */ = {isa = PBXBuildFile; fileRef = 227EEB6111A6BCC4009420F7 /* NSURL+ECUtilities.h */; };
		227EEB7911A6BCC4009420F7 /* NSURL+ECUtilities.m in Sources */ = {isa = PBXBuildFile; fileRef = 227EEB6211A6BCC4009420F7 /* NSURL+ECUtilities.m */; };
		227EEB7A11A6BCC4009420F7 /* NSWorkspace+ECUtilities.h in Headers */ = {isa = PBXBuildFile; fileRef = 227EEB6311A6BCC4009420F7 /* NSWorkspace+ECUtilities.h */; };
		227EEB7B11A6BCC4009420F7 /* NSWorkspace+ECUtilities.m in Sources */ = {isa = PBXBuildFile; fileRef = 227EEB6411A6BCC4009420F7 /* NSWorkspace+ECUtilities.m */; };
		227EEB7C11A6BCC4009420F7 /* ECRoundedView.h in Headers */ = {isa = PBXBuildFile; fileRef = 227EEB6611A6BCC4009420F7 /* ECRoundedView.h */; };
		227EEB7D11A6BCC4009420F7 /* ECRoundedView.m in Sources */ = {isa = PBXBuildFile; fileRef = 227EEB6711A6BCC4009420F7 /* ECRoundedView.m */; };
		227EEB7E11A6BCC4009420F7 /* ECTransparentWindow.h in Headers */ = {isa = PBXBuildFile; fileRef = 227EEB6911A6BCC4009420F7 /* ECTransparentWindow.h */; };
		227EEB7F11A6BCC4009420F7 /* ECTransparentWindow.m in Sources */ = {isa = PBXBuildFile; fileRef = 227EEB6A11A6BCC4009420F7 /* ECTransparentWindow.m */; };
		227EEB8A11A6BCCD009420F7 /* NSDictionary+ECUtilities.h in Headers */ = {isa = PBXBuildFile; fileRef = 227EEB8411A6BCCD009420F7 /* NSDictionary+ECUtilities.h */; };
		227EEB8B11A6BCCD009420F7 /* NSDictionary+ECUtilities.m in Sources */ = {isa = PBXBuildFile; fileRef = 227EEB8511A6BCCD009420F7 /* NSDictionary+ECUtilities.m */; };
		227EEB8C11A6BCCD009420F7 /* NSFileManager+ECUtilities.h in Headers */ = {isa = PBXBuildFile; fileRef = 227EEB8611A6BCCD009420F7 /* NSFileManager+ECUtilities.h */; };
		227EEB8D11A6BCCD009420F7 /* NSFileManager+ECUtilities.m in Sources */ = {isa = PBXBuildFile; fileRef = 227EEB8711A6BCCD009420F7 /* NSFileManager+ECUtilities.m */; };
		227EEB9811A6BCD2009420F7 /* ECFoundationDebugPrefix.pch in Headers */ = {isa = PBXBuildFile; fileRef = 227EEB8F11A6BCD2009420F7 /* ECFoundationDebugPrefix.pch */; };
		227EEB9911A6BCD2009420F7 /* ECFoundationReleasePrefix.pch in Headers */ = {isa = PBXBuildFile; fileRef = 227EEB9011A6BCD2009420F7 /* ECFoundationReleasePrefix.pch */; };
		227EEB9A11A6BCD2009420F7 /* ECFoundationSharedPrefix.pch in Headers */ = {isa = PBXBuildFile; fileRef = 227EEB9111A6BCD2009420F7 /* ECFoundationSharedPrefix.pch */; };
		227EEB9B11A6BCD2009420F7 /* ECMacDebugPrefix.pch in Headers */ = {isa = PBXBuildFile; fileRef = 227EEB9211A6BCD2009420F7 /* ECMacDebugPrefix.pch */; };
		227EEB9C11A6BCD2009420F7 /* ECMacReleasePrefix.pch in Headers */ = {isa = PBXBuildFile; fileRef = 227EEB9311A6BCD2009420F7 /* ECMacReleasePrefix.pch */; };
		227EEB9D11A6BCD2009420F7 /* ECMacSharedPrefix.pch in Headers */ = {isa = PBXBuildFile; fileRef = 227EEB9411A6BCD2009420F7 /* ECMacSharedPrefix.pch */; };
		227EEB9E11A6BCD2009420F7 /* ECTouchDebugPrefix.pch in Headers */ = {isa = PBXBuildFile; fileRef = 227EEB9511A6BCD2009420F7 /* ECTouchDebugPrefix.pch */; };
		227EEB9F11A6BCD2009420F7 /* ECTouchReleasePrefix.pch in Headers */ = {isa = PBXBuildFile; fileRef = 227EEB9611A6BCD2009420F7 /* ECTouchReleasePrefix.pch */; };
		227EEBA011A6BCD2009420F7 /* ECTouchSharedPrefix.pch in Headers */ = {isa = PBXBuildFile; fileRef = 227EEB9711A6BCD2009420F7 /* ECTouchSharedPrefix.pch */; };
		22822E6111ED32EA00D84612 /* NSAppleEventDescriptor+ECUtilities.h in Headers */ = {isa = PBXBuildFile; fileRef = 22822E5F11ED32EA00D84612 /* NSAppleEventDescriptor+ECUtilities.h */; };
		22822E6211ED32EA00D84612 /* NSAppleEventDescriptor+ECUtilities.m in Sources */ = {isa = PBXBuildFile; fileRef = 22822E6011ED32EA00D84612 /* NSAppleEventDescriptor+ECUtilities.m */; };
		22822E6C11ED332500D84612 /* NSAppleEventDescriptor+ECUtilitiesTests.m in Sources */ = {isa = PBXBuildFile; fileRef = 22822E6B11ED332500D84612 /* NSAppleEventDescriptor+ECUtilitiesTests.m */; };
		22822E6D11ED332500D84612 /* NSAppleEventDescriptor+ECUtilitiesTests.m in Sources */ = {isa = PBXBuildFile; fileRef = 22822E6B11ED332500D84612 /* NSAppleEventDescriptor+ECUtilitiesTests.m */; };
		22859E1B11FE0356008EBC30 /* ECTextItemEditorController.h in Headers */ = {isa = PBXBuildFile; fileRef = 22859E1911FE0356008EBC30 /* ECTextItemEditorController.h */; };
		22859E1C11FE0356008EBC30 /* ECTextItemEditorController.h in Headers */ = {isa = PBXBuildFile; fileRef = 22859E1911FE0356008EBC30 /* ECTextItemEditorController.h */; settings = {ATTRIBUTES = (Public, ); }; };
		22859E1D11FE0356008EBC30 /* ECTextItemEditorController.m in Sources */ = {isa = PBXBuildFile; fileRef = 22859E1A11FE0356008EBC30 /* ECTextItemEditorController.m */; };
		22859E1E11FE0356008EBC30 /* ECTextItemEditorController.m in Sources */ = {isa = PBXBuildFile; fileRef = 22859E1A11FE0356008EBC30 /* ECTextItemEditorController.m */; };
		2286307711E32AA800654739 /* ECDropAllViewsAnimation.h in Headers */ = {isa = PBXBuildFile; fileRef = 2286307511E32AA800654739 /* ECDropAllViewsAnimation.h */; settings = {ATTRIBUTES = (Public, ); }; };
		2286307811E32AA800654739 /* ECDropAllViewsAnimation.m in Sources */ = {isa = PBXBuildFile; fileRef = 2286307611E32AA800654739 /* ECDropAllViewsAnimation.m */; };
		228630C411E32DD900654739 /* ECFoundationDebugPrefix.pch in Headers */ = {isa = PBXBuildFile; fileRef = 227EEB8F11A6BCD2009420F7 /* ECFoundationDebugPrefix.pch */; settings = {ATTRIBUTES = (Public, ); }; };
		228630C511E32DD900654739 /* ECFoundationReleasePrefix.pch in Headers */ = {isa = PBXBuildFile; fileRef = 227EEB9011A6BCD2009420F7 /* ECFoundationReleasePrefix.pch */; settings = {ATTRIBUTES = (Public, ); }; };
		228630C611E32DD900654739 /* ECFoundationSharedPrefix.pch in Headers */ = {isa = PBXBuildFile; fileRef = 227EEB9111A6BCD2009420F7 /* ECFoundationSharedPrefix.pch */; settings = {ATTRIBUTES = (Public, ); }; };
		228630CA11E32DD900654739 /* ECTouchDebugPrefix.pch in Headers */ = {isa = PBXBuildFile; fileRef = 227EEB9511A6BCD2009420F7 /* ECTouchDebugPrefix.pch */; settings = {ATTRIBUTES = (Public, ); }; };
		228630CB11E32DD900654739 /* ECTouchReleasePrefix.pch in Headers */ = {isa = PBXBuildFile; fileRef = 227EEB9611A6BCD2009420F7 /* ECTouchReleasePrefix.pch */; settings = {ATTRIBUTES = (Public, ); }; };
		228630CC11E32DD900654739 /* ECTouchSharedPrefix.pch in Headers */ = {isa = PBXBuildFile; fileRef = 227EEB9711A6BCD2009420F7 /* ECTouchSharedPrefix.pch */; settings = {ATTRIBUTES = (Public, ); }; };
		2286310011E32E8E00654739 /* ECLocationUtilities.h in Headers */ = {isa = PBXBuildFile; fileRef = 228630F611E32E8E00654739 /* ECLocationUtilities.h */; settings = {ATTRIBUTES = (Public, ); }; };
		2286310111E32E8E00654739 /* ECLocationUtilities.m in Sources */ = {isa = PBXBuildFile; fileRef = 228630F711E32E8E00654739 /* ECLocationUtilities.m */; };
		2286310A11E32E8E00654739 /* ECLocationUtilities.h in Headers */ = {isa = PBXBuildFile; fileRef = 228630F611E32E8E00654739 /* ECLocationUtilities.h */; };
		2286310B11E32E8E00654739 /* ECLocationUtilities.m in Sources */ = {isa = PBXBuildFile; fileRef = 228630F711E32E8E00654739 /* ECLocationUtilities.m */; };
		22FBFE7411DD0DD800578A66 /* NSDictionary+ECUtilities.h in Headers */ = {isa = PBXBuildFile; fileRef = 227EEB8411A6BCCD009420F7 /* NSDictionary+ECUtilities.h */; settings = {ATTRIBUTES = (Public, ); }; };
		22FBFE7511DD0DD800578A66 /* NSDictionary+ECUtilities.m in Sources */ = {isa = PBXBuildFile; fileRef = 227EEB8511A6BCCD009420F7 /* NSDictionary+ECUtilities.m */; };
		22FBFE7611DD0DD800578A66 /* NSFileManager+ECUtilities.h in Headers */ = {isa = PBXBuildFile; fileRef = 227EEB8611A6BCCD009420F7 /* NSFileManager+ECUtilities.h */; settings = {ATTRIBUTES = (Public, ); }; };
		22FBFE7711DD0DD800578A66 /* NSFileManager+ECUtilities.m in Sources */ = {isa = PBXBuildFile; fileRef = 227EEB8711A6BCCD009420F7 /* NSFileManager+ECUtilities.m */; };
		8DC2EF530486A6940098B216 /* InfoPlist.strings in Resources */ = {isa = PBXBuildFile; fileRef = 089C1666FE841158C02AAC07 /* InfoPlist.strings */; };
		8DC2EF570486A6940098B216 /* Cocoa.framework in Frameworks */ = {isa = PBXBuildFile; fileRef = 1058C7B1FEA5585E11CA2CBB /* Cocoa.framework */; };
/* End PBXBuildFile section */

/* Begin PBXContainerItemProxy section */
		225EC67911EBAB8100A97AEA /* PBXContainerItemProxy */ = {
			isa = PBXContainerItemProxy;
			containerPortal = 0867D690FE84028FC02AAC07 /* Project object */;
			proxyType = 1;
			remoteGlobalIDString = 8DC2EF4F0486A6940098B216;
			remoteInfo = ECFoundation;
		};
		227333B311EBBA2300695FB4 /* PBXContainerItemProxy */ = {
			isa = PBXContainerItemProxy;
			containerPortal = 0867D690FE84028FC02AAC07 /* Project object */;
			proxyType = 1;
			remoteGlobalIDString = 8DC2EF4F0486A6940098B216;
			remoteInfo = ECFoundation;
		};
/* End PBXContainerItemProxy section */

/* Begin PBXFileReference section */
		0867D69BFE84028FC02AAC07 /* Foundation.framework */ = {isa = PBXFileReference; lastKnownFileType = wrapper.framework; name = Foundation.framework; path = /System/Library/Frameworks/Foundation.framework; sourceTree = "<absolute>"; };
		0867D6A5FE840307C02AAC07 /* AppKit.framework */ = {isa = PBXFileReference; lastKnownFileType = wrapper.framework; name = AppKit.framework; path = /System/Library/Frameworks/AppKit.framework; sourceTree = "<absolute>"; };
		089C1667FE841158C02AAC07 /* InfoPlist.strings */ = {isa = PBXFileReference; fileEncoding = 4; lastKnownFileType = text.plist.strings; name = InfoPlist.strings; path = resources/English.lproj/InfoPlist.strings; sourceTree = "<group>"; };
		1058C7B1FEA5585E11CA2CBB /* Cocoa.framework */ = {isa = PBXFileReference; lastKnownFileType = wrapper.framework; name = Cocoa.framework; path = /System/Library/Frameworks/Cocoa.framework; sourceTree = "<absolute>"; };
		2206CC6511F853B000CDD442 /* ECProperties.h */ = {isa = PBXFileReference; fileEncoding = 4; lastKnownFileType = sourcecode.c.h; lineEnding = 0; path = ECProperties.h; sourceTree = "<group>"; };
		2206CCA911F875CD00CDD442 /* ECTickListTableController.h */ = {isa = PBXFileReference; fileEncoding = 4; lastKnownFileType = sourcecode.c.h; name = ECTickListTableController.h; path = controllers/ECTickListTableController.h; sourceTree = "<group>"; };
		2206CCAA11F875CD00CDD442 /* ECTickListTableController.m */ = {isa = PBXFileReference; fileEncoding = 4; lastKnownFileType = sourcecode.c.objc; lineEnding = 0; name = ECTickListTableController.m; path = controllers/ECTickListTableController.m; sourceTree = "<group>"; };
		2207E05B11F742F3004BB01D /* ECNavigationController.h */ = {isa = PBXFileReference; fileEncoding = 4; lastKnownFileType = sourcecode.c.h; name = ECNavigationController.h; path = controllers/ECNavigationController.h; sourceTree = "<group>"; };
		2207E05C11F742F3004BB01D /* ECNavigationController.m */ = {isa = PBXFileReference; fileEncoding = 4; lastKnownFileType = sourcecode.c.objc; name = ECNavigationController.m; path = controllers/ECNavigationController.m; sourceTree = "<group>"; };
		2210B6201152E695006C6CCA /* Carbon.framework */ = {isa = PBXFileReference; lastKnownFileType = wrapper.framework; name = Carbon.framework; path = System/Library/Frameworks/Carbon.framework; sourceTree = SDKROOT; };
		2232B68211FA02BB001846FC /* ECDataItem.h */ = {isa = PBXFileReference; fileEncoding = 4; lastKnownFileType = sourcecode.c.h; path = ECDataItem.h; sourceTree = "<group>"; };
		2232B68311FA02BB001846FC /* ECDataItem.m */ = {isa = PBXFileReference; fileEncoding = 4; lastKnownFileType = sourcecode.c.objc; path = ECDataItem.m; sourceTree = "<group>"; };
		2232B68811FA02E6001846FC /* ECDataItemTests.h */ = {isa = PBXFileReference; fileEncoding = 4; lastKnownFileType = sourcecode.c.h; path = ECDataItemTests.h; sourceTree = "<group>"; };
		2232B68911FA02E6001846FC /* ECDataItemTests.m */ = {isa = PBXFileReference; fileEncoding = 4; lastKnownFileType = sourcecode.c.objc; path = ECDataItemTests.m; sourceTree = "<group>"; };
		223EFCFF11F883CA00CD6D19 /* ECDataDrivenView.h */ = {isa = PBXFileReference; fileEncoding = 4; lastKnownFileType = sourcecode.c.h; name = ECDataDrivenView.h; path = controllers/ECDataDrivenView.h; sourceTree = "<group>"; };
		223EFD0011F883CA00CD6D19 /* ECDataDrivenView.m */ = {isa = PBXFileReference; fileEncoding = 4; lastKnownFileType = sourcecode.c.objc; name = ECDataDrivenView.m; path = controllers/ECDataDrivenView.m; sourceTree = "<group>"; };
		22592EB511F5BBDA0056FF4B /* ECLabelValueTableController.h */ = {isa = PBXFileReference; fileEncoding = 4; lastKnownFileType = sourcecode.c.h; name = ECLabelValueTableController.h; path = controllers/ECLabelValueTableController.h; sourceTree = "<group>"; };
		22592EB611F5BBDA0056FF4B /* ECLabelValueTableController.m */ = {isa = PBXFileReference; fileEncoding = 4; lastKnownFileType = sourcecode.c.objc; lineEnding = 0; name = ECLabelValueTableController.m; path = controllers/ECLabelValueTableController.m; sourceTree = "<group>"; };
		225EC67211EBAA4800A97AEA /* EC Foundation Unit Tests.octest */ = {isa = PBXFileReference; explicitFileType = wrapper.cfbundle; includeInIndex = 0; path = "EC Foundation Unit Tests.octest"; sourceTree = BUILT_PRODUCTS_DIR; };
		225EC68211EBAC3D00A97AEA /* NSDictionary+ECUtilitiesTests.h */ = {isa = PBXFileReference; fileEncoding = 4; lastKnownFileType = sourcecode.c.h; path = "NSDictionary+ECUtilitiesTests.h"; sourceTree = "<group>"; };
		225EC68311EBAC3D00A97AEA /* NSDictionary+ECUtilitiesTests.m */ = {isa = PBXFileReference; fileEncoding = 4; lastKnownFileType = sourcecode.c.objc; path = "NSDictionary+ECUtilitiesTests.m"; sourceTree = "<group>"; };
		225EC6D211EBB15D00A97AEA /* ECFoundation SenTest.plist */ = {isa = PBXFileReference; fileEncoding = 4; lastKnownFileType = text.plist.xml; name = "ECFoundation SenTest.plist"; path = "resources/ECFoundation SenTest.plist"; sourceTree = "<group>"; };
		226E1F9D11F8D03E00603F71 /* ECAssertion.h */ = {isa = PBXFileReference; fileEncoding = 4; lastKnownFileType = sourcecode.c.h; path = ECAssertion.h; sourceTree = "<group>"; };
		226E1F9E11F8D03E00603F71 /* ECLogging.h */ = {isa = PBXFileReference; fileEncoding = 4; lastKnownFileType = sourcecode.c.h; path = ECLogging.h; sourceTree = "<group>"; };
		226E1FAD11F8D0A300603F71 /* ECMacros.h */ = {isa = PBXFileReference; fileEncoding = 4; lastKnownFileType = sourcecode.c.h; path = ECMacros.h; sourceTree = "<group>"; };
		227333A411EBBA0800695FB4 /* GHUnit Tests.app */ = {isa = PBXFileReference; explicitFileType = wrapper.application; includeInIndex = 0; path = "GHUnit Tests.app"; sourceTree = BUILT_PRODUCTS_DIR; };
		227333AF11EBBA0800695FB4 /* ECFoundation GHUnit.plist */ = {isa = PBXFileReference; lastKnownFileType = text.plist.xml; name = "ECFoundation GHUnit.plist"; path = "resources/ECFoundation GHUnit.plist"; sourceTree = "<group>"; };
		227333B811EBBA3000695FB4 /* GHUnit.framework */ = {isa = PBXFileReference; lastKnownFileType = wrapper.framework; name = GHUnit.framework; path = Library/Frameworks/GHUnit.framework; sourceTree = SDKROOT; };
		227333BD11EBBAA400695FB4 /* GHUnitTestMain.m */ = {isa = PBXFileReference; fileEncoding = 4; lastKnownFileType = sourcecode.c.objc; path = GHUnitTestMain.m; sourceTree = "<group>"; };
		2273344611EBC1CB00695FB4 /* ECTestCase.h */ = {isa = PBXFileReference; fileEncoding = 4; lastKnownFileType = sourcecode.c.h; path = ECTestCase.h; sourceTree = "<group>"; };
		2273344711EBC1CB00695FB4 /* ECTestCase.m */ = {isa = PBXFileReference; fileEncoding = 4; lastKnownFileType = sourcecode.c.objc; path = ECTestCase.m; sourceTree = "<group>"; };
		227334FF11EC95E000695FB4 /* NSURL+ECUtilitiesTests.h */ = {isa = PBXFileReference; fileEncoding = 4; lastKnownFileType = sourcecode.c.h; path = "NSURL+ECUtilitiesTests.h"; sourceTree = "<group>"; };
		2273350011EC95E000695FB4 /* NSURL+ECUtilitiesTests.m */ = {isa = PBXFileReference; fileEncoding = 4; lastKnownFileType = sourcecode.c.objc; path = "NSURL+ECUtilitiesTests.m"; sourceTree = "<group>"; };
		2273350111EC95E000695FB4 /* NSWorkspace+ECUtilitiesTests.h */ = {isa = PBXFileReference; fileEncoding = 4; lastKnownFileType = sourcecode.c.h; path = "NSWorkspace+ECUtilitiesTests.h"; sourceTree = "<group>"; };
		2273350211EC95E000695FB4 /* NSWorkspace+ECUtilitiesTests.m */ = {isa = PBXFileReference; fileEncoding = 4; lastKnownFileType = sourcecode.c.objc; path = "NSWorkspace+ECUtilitiesTests.m"; sourceTree = "<group>"; };
		227EEB3911A6BC66009420F7 /* ECFoundationDebugSettings.xcconfig */ = {isa = PBXFileReference; fileEncoding = 4; lastKnownFileType = text.xcconfig; path = ECFoundationDebugSettings.xcconfig; sourceTree = "<group>"; };
		227EEB3A11A6BC66009420F7 /* ECFoundationReleaseSettings.xcconfig */ = {isa = PBXFileReference; fileEncoding = 4; lastKnownFileType = text.xcconfig; path = ECFoundationReleaseSettings.xcconfig; sourceTree = "<group>"; };
		227EEB3B11A6BC66009420F7 /* ECFoundationSharedSettings.xcconfig */ = {isa = PBXFileReference; fileEncoding = 4; lastKnownFileType = text.xcconfig; path = ECFoundationSharedSettings.xcconfig; sourceTree = "<group>"; };
		227EEB3C11A6BC66009420F7 /* ECMacDebugSettings.xcconfig */ = {isa = PBXFileReference; fileEncoding = 4; lastKnownFileType = text.xcconfig; path = ECMacDebugSettings.xcconfig; sourceTree = "<group>"; };
		227EEB3D11A6BC66009420F7 /* ECMacReleaseSettings.xcconfig */ = {isa = PBXFileReference; fileEncoding = 4; lastKnownFileType = text.xcconfig; path = ECMacReleaseSettings.xcconfig; sourceTree = "<group>"; };
		227EEB3E11A6BC66009420F7 /* ECMacSharedSettings.xcconfig */ = {isa = PBXFileReference; fileEncoding = 4; lastKnownFileType = text.xcconfig; path = ECMacSharedSettings.xcconfig; sourceTree = "<group>"; };
		227EEB3F11A6BC66009420F7 /* ECTouchDebugSettings.xcconfig */ = {isa = PBXFileReference; fileEncoding = 4; lastKnownFileType = text.xcconfig; path = ECTouchDebugSettings.xcconfig; sourceTree = "<group>"; };
		227EEB4011A6BC66009420F7 /* ECTouchReleaseSettings.xcconfig */ = {isa = PBXFileReference; fileEncoding = 4; lastKnownFileType = text.xcconfig; path = ECTouchReleaseSettings.xcconfig; sourceTree = "<group>"; };
		227EEB4111A6BC66009420F7 /* ECTouchSharedSettings.xcconfig */ = {isa = PBXFileReference; fileEncoding = 4; lastKnownFileType = text.xcconfig; path = ECTouchSharedSettings.xcconfig; sourceTree = "<group>"; };
		227EEB4F11A6BCC4009420F7 /* ECAboutBoxController.h */ = {isa = PBXFileReference; fileEncoding = 4; lastKnownFileType = sourcecode.c.h; path = ECAboutBoxController.h; sourceTree = "<group>"; };
		227EEB5011A6BCC4009420F7 /* ECAboutBoxController.m */ = {isa = PBXFileReference; fileEncoding = 4; lastKnownFileType = sourcecode.c.objc; path = ECAboutBoxController.m; sourceTree = "<group>"; };
		227EEB5211A6BCC4009420F7 /* NSApplication+DockIcon.h */ = {isa = PBXFileReference; fileEncoding = 4; lastKnownFileType = sourcecode.c.h; path = "NSApplication+DockIcon.h"; sourceTree = "<group>"; };
		227EEB5311A6BCC4009420F7 /* NSApplication+DockIcon.m */ = {isa = PBXFileReference; fileEncoding = 4; lastKnownFileType = sourcecode.c.objc; path = "NSApplication+DockIcon.m"; sourceTree = "<group>"; };
		227EEB5511A6BCC4009420F7 /* ECTextFieldCell.h */ = {isa = PBXFileReference; fileEncoding = 4; lastKnownFileType = sourcecode.c.h; path = ECTextFieldCell.h; sourceTree = "<group>"; };
		227EEB5611A6BCC4009420F7 /* ECTextFieldCell.m */ = {isa = PBXFileReference; fileEncoding = 4; lastKnownFileType = sourcecode.c.objc; path = ECTextFieldCell.m; sourceTree = "<group>"; };
		227EEB5811A6BCC4009420F7 /* ECLegalFilenameFormatter.h */ = {isa = PBXFileReference; fileEncoding = 4; lastKnownFileType = sourcecode.c.h; path = ECLegalFilenameFormatter.h; sourceTree = "<group>"; };
		227EEB5911A6BCC4009420F7 /* ECLegalFilenameFormatter.m */ = {isa = PBXFileReference; fileEncoding = 4; lastKnownFileType = sourcecode.c.objc; path = ECLegalFilenameFormatter.m; sourceTree = "<group>"; };
		227EEB5B11A6BCC4009420F7 /* ECPreferencePanel.h */ = {isa = PBXFileReference; fileEncoding = 4; lastKnownFileType = sourcecode.c.h; path = ECPreferencePanel.h; sourceTree = "<group>"; };
		227EEB5C11A6BCC4009420F7 /* ECPreferencePanel.m */ = {isa = PBXFileReference; fileEncoding = 4; lastKnownFileType = sourcecode.c.objc; path = ECPreferencePanel.m; sourceTree = "<group>"; };
		227EEB5D11A6BCC4009420F7 /* ECPreferencePaneProtocol.h */ = {isa = PBXFileReference; fileEncoding = 4; lastKnownFileType = sourcecode.c.h; path = ECPreferencePaneProtocol.h; sourceTree = "<group>"; };
		227EEB5E11A6BCC4009420F7 /* ECPreferencesController.h */ = {isa = PBXFileReference; fileEncoding = 4; lastKnownFileType = sourcecode.c.h; path = ECPreferencesController.h; sourceTree = "<group>"; };
		227EEB5F11A6BCC4009420F7 /* ECPreferencesController.m */ = {isa = PBXFileReference; fileEncoding = 4; lastKnownFileType = sourcecode.c.objc; path = ECPreferencesController.m; sourceTree = "<group>"; };
		227EEB6111A6BCC4009420F7 /* NSURL+ECUtilities.h */ = {isa = PBXFileReference; fileEncoding = 4; lastKnownFileType = sourcecode.c.h; path = "NSURL+ECUtilities.h"; sourceTree = "<group>"; };
		227EEB6211A6BCC4009420F7 /* NSURL+ECUtilities.m */ = {isa = PBXFileReference; fileEncoding = 4; lastKnownFileType = sourcecode.c.objc; path = "NSURL+ECUtilities.m"; sourceTree = "<group>"; };
		227EEB6311A6BCC4009420F7 /* NSWorkspace+ECUtilities.h */ = {isa = PBXFileReference; fileEncoding = 4; lastKnownFileType = sourcecode.c.h; path = "NSWorkspace+ECUtilities.h"; sourceTree = "<group>"; };
		227EEB6411A6BCC4009420F7 /* NSWorkspace+ECUtilities.m */ = {isa = PBXFileReference; fileEncoding = 4; lastKnownFileType = sourcecode.c.objc; path = "NSWorkspace+ECUtilities.m"; sourceTree = "<group>"; };
		227EEB6611A6BCC4009420F7 /* ECRoundedView.h */ = {isa = PBXFileReference; fileEncoding = 4; lastKnownFileType = sourcecode.c.h; path = ECRoundedView.h; sourceTree = "<group>"; };
		227EEB6711A6BCC4009420F7 /* ECRoundedView.m */ = {isa = PBXFileReference; fileEncoding = 4; lastKnownFileType = sourcecode.c.objc; path = ECRoundedView.m; sourceTree = "<group>"; };
		227EEB6911A6BCC4009420F7 /* ECTransparentWindow.h */ = {isa = PBXFileReference; fileEncoding = 4; lastKnownFileType = sourcecode.c.h; path = ECTransparentWindow.h; sourceTree = "<group>"; };
		227EEB6A11A6BCC4009420F7 /* ECTransparentWindow.m */ = {isa = PBXFileReference; fileEncoding = 4; lastKnownFileType = sourcecode.c.objc; path = ECTransparentWindow.m; sourceTree = "<group>"; };
		227EEB8411A6BCCD009420F7 /* NSDictionary+ECUtilities.h */ = {isa = PBXFileReference; fileEncoding = 4; lastKnownFileType = sourcecode.c.h; path = "NSDictionary+ECUtilities.h"; sourceTree = "<group>"; };
		227EEB8511A6BCCD009420F7 /* NSDictionary+ECUtilities.m */ = {isa = PBXFileReference; fileEncoding = 4; lastKnownFileType = sourcecode.c.objc; path = "NSDictionary+ECUtilities.m"; sourceTree = "<group>"; };
		227EEB8611A6BCCD009420F7 /* NSFileManager+ECUtilities.h */ = {isa = PBXFileReference; fileEncoding = 4; lastKnownFileType = sourcecode.c.h; path = "NSFileManager+ECUtilities.h"; sourceTree = "<group>"; };
		227EEB8711A6BCCD009420F7 /* NSFileManager+ECUtilities.m */ = {isa = PBXFileReference; fileEncoding = 4; lastKnownFileType = sourcecode.c.objc; path = "NSFileManager+ECUtilities.m"; sourceTree = "<group>"; };
		227EEB8F11A6BCD2009420F7 /* ECFoundationDebugPrefix.pch */ = {isa = PBXFileReference; fileEncoding = 4; lastKnownFileType = sourcecode.c.h; path = ECFoundationDebugPrefix.pch; sourceTree = "<group>"; };
		227EEB9011A6BCD2009420F7 /* ECFoundationReleasePrefix.pch */ = {isa = PBXFileReference; fileEncoding = 4; lastKnownFileType = sourcecode.c.h; path = ECFoundationReleasePrefix.pch; sourceTree = "<group>"; };
		227EEB9111A6BCD2009420F7 /* ECFoundationSharedPrefix.pch */ = {isa = PBXFileReference; fileEncoding = 4; lastKnownFileType = sourcecode.c.h; path = ECFoundationSharedPrefix.pch; sourceTree = "<group>"; };
		227EEB9211A6BCD2009420F7 /* ECMacDebugPrefix.pch */ = {isa = PBXFileReference; fileEncoding = 4; lastKnownFileType = sourcecode.c.h; path = ECMacDebugPrefix.pch; sourceTree = "<group>"; };
		227EEB9311A6BCD2009420F7 /* ECMacReleasePrefix.pch */ = {isa = PBXFileReference; fileEncoding = 4; lastKnownFileType = sourcecode.c.h; path = ECMacReleasePrefix.pch; sourceTree = "<group>"; };
		227EEB9411A6BCD2009420F7 /* ECMacSharedPrefix.pch */ = {isa = PBXFileReference; fileEncoding = 4; lastKnownFileType = sourcecode.c.h; path = ECMacSharedPrefix.pch; sourceTree = "<group>"; };
		227EEB9511A6BCD2009420F7 /* ECTouchDebugPrefix.pch */ = {isa = PBXFileReference; fileEncoding = 4; lastKnownFileType = sourcecode.c.h; path = ECTouchDebugPrefix.pch; sourceTree = "<group>"; };
		227EEB9611A6BCD2009420F7 /* ECTouchReleasePrefix.pch */ = {isa = PBXFileReference; fileEncoding = 4; lastKnownFileType = sourcecode.c.h; path = ECTouchReleasePrefix.pch; sourceTree = "<group>"; };
		227EEB9711A6BCD2009420F7 /* ECTouchSharedPrefix.pch */ = {isa = PBXFileReference; fileEncoding = 4; lastKnownFileType = sourcecode.c.h; path = ECTouchSharedPrefix.pch; sourceTree = "<group>"; };
		22822E5F11ED32EA00D84612 /* NSAppleEventDescriptor+ECUtilities.h */ = {isa = PBXFileReference; fileEncoding = 4; lastKnownFileType = sourcecode.c.h; path = "NSAppleEventDescriptor+ECUtilities.h"; sourceTree = "<group>"; };
		22822E6011ED32EA00D84612 /* NSAppleEventDescriptor+ECUtilities.m */ = {isa = PBXFileReference; fileEncoding = 4; lastKnownFileType = sourcecode.c.objc; path = "NSAppleEventDescriptor+ECUtilities.m"; sourceTree = "<group>"; };
		22822E6A11ED332500D84612 /* NSAppleEventDescriptor+ECUtilitiesTests.h */ = {isa = PBXFileReference; fileEncoding = 4; lastKnownFileType = sourcecode.c.h; path = "NSAppleEventDescriptor+ECUtilitiesTests.h"; sourceTree = "<group>"; };
		22822E6B11ED332500D84612 /* NSAppleEventDescriptor+ECUtilitiesTests.m */ = {isa = PBXFileReference; fileEncoding = 4; lastKnownFileType = sourcecode.c.objc; path = "NSAppleEventDescriptor+ECUtilitiesTests.m"; sourceTree = "<group>"; };
		22859E1911FE0356008EBC30 /* ECTextItemEditorController.h */ = {isa = PBXFileReference; fileEncoding = 4; lastKnownFileType = sourcecode.c.h; name = ECTextItemEditorController.h; path = controllers/ECTextItemEditorController.h; sourceTree = "<group>"; };
		22859E1A11FE0356008EBC30 /* ECTextItemEditorController.m */ = {isa = PBXFileReference; fileEncoding = 4; lastKnownFileType = sourcecode.c.objc; name = ECTextItemEditorController.m; path = controllers/ECTextItemEditorController.m; sourceTree = "<group>"; };
		22859E2011FE0384008EBC30 /* English */ = {isa = PBXFileReference; fileEncoding = 4; lastKnownFileType = file.xib; name = English; path = resources/English.lproj/ECTextItemEditorController.xib; sourceTree = "<group>"; };
		2286307511E32AA800654739 /* ECDropAllViewsAnimation.h */ = {isa = PBXFileReference; fileEncoding = 4; lastKnownFileType = sourcecode.c.h; path = ECDropAllViewsAnimation.h; sourceTree = "<group>"; };
		2286307611E32AA800654739 /* ECDropAllViewsAnimation.m */ = {isa = PBXFileReference; fileEncoding = 4; lastKnownFileType = sourcecode.c.objc; path = ECDropAllViewsAnimation.m; sourceTree = "<group>"; };
		228630F611E32E8E00654739 /* ECLocationUtilities.h */ = {isa = PBXFileReference; fileEncoding = 4; lastKnownFileType = sourcecode.c.h; path = ECLocationUtilities.h; sourceTree = "<group>"; };
		228630F711E32E8E00654739 /* ECLocationUtilities.m */ = {isa = PBXFileReference; fileEncoding = 4; lastKnownFileType = sourcecode.c.objc; name = ECLocationUtilities.m; path = ../ECLocationUtilities.m; sourceTree = "<group>"; };
		2286311211E32FC100654739 /* CoreLocation.framework */ = {isa = PBXFileReference; lastKnownFileType = wrapper.framework; name = CoreLocation.framework; path = System/Library/Frameworks/CoreLocation.framework; sourceTree = SDKROOT; };
		2286311411E32FC100654739 /* MapKit.framework */ = {isa = PBXFileReference; lastKnownFileType = wrapper.framework; name = MapKit.framework; path = System/Library/Frameworks/MapKit.framework; sourceTree = SDKROOT; };
		22FBFE6711DD0D9400578A66 /* libECFoundationTouch.a */ = {isa = PBXFileReference; explicitFileType = archive.ar; includeInIndex = 0; path = libECFoundationTouch.a; sourceTree = BUILT_PRODUCTS_DIR; };
		8DC2EF5A0486A6940098B216 /* ECFoundation.plist */ = {isa = PBXFileReference; fileEncoding = 4; lastKnownFileType = text.plist.xml; name = ECFoundation.plist; path = resources/ECFoundation.plist; sourceTree = "<group>"; };
		8DC2EF5B0486A6940098B216 /* ECFoundation.framework */ = {isa = PBXFileReference; explicitFileType = wrapper.framework; includeInIndex = 0; path = ECFoundation.framework; sourceTree = BUILT_PRODUCTS_DIR; };
		D2F7E79907B2D74100F64583 /* CoreData.framework */ = {isa = PBXFileReference; lastKnownFileType = wrapper.framework; name = CoreData.framework; path = /System/Library/Frameworks/CoreData.framework; sourceTree = "<absolute>"; };
/* End PBXFileReference section */

/* Begin PBXFrameworksBuildPhase section */
		225EC66F11EBAA4800A97AEA /* Frameworks */ = {
			isa = PBXFrameworksBuildPhase;
			buildActionMask = 2147483647;
			files = (
				225EC6AB11EBAF4900A97AEA /* ECFoundation.framework in Frameworks */,
			);
			runOnlyForDeploymentPostprocessing = 0;
		};
		227333A211EBBA0800695FB4 /* Frameworks */ = {
			isa = PBXFrameworksBuildPhase;
			buildActionMask = 2147483647;
			files = (
				227333B511EBBA2800695FB4 /* ECFoundation.framework in Frameworks */,
				227333B911EBBA3000695FB4 /* GHUnit.framework in Frameworks */,
			);
			runOnlyForDeploymentPostprocessing = 0;
		};
		22FBFE6511DD0D9400578A66 /* Frameworks */ = {
			isa = PBXFrameworksBuildPhase;
			buildActionMask = 2147483647;
			files = (
			);
			runOnlyForDeploymentPostprocessing = 0;
		};
		8DC2EF560486A6940098B216 /* Frameworks */ = {
			isa = PBXFrameworksBuildPhase;
			buildActionMask = 2147483647;
			files = (
				8DC2EF570486A6940098B216 /* Cocoa.framework in Frameworks */,
				2210B6211152E695006C6CCA /* Carbon.framework in Frameworks */,
			);
			runOnlyForDeploymentPostprocessing = 0;
		};
/* End PBXFrameworksBuildPhase section */

/* Begin PBXGroup section */
		034768DFFF38A50411DB9C8B /* Products */ = {
			isa = PBXGroup;
			children = (
				8DC2EF5B0486A6940098B216 /* ECFoundation.framework */,
				22FBFE6711DD0D9400578A66 /* libECFoundationTouch.a */,
				225EC67211EBAA4800A97AEA /* EC Foundation Unit Tests.octest */,
				227333A411EBBA0800695FB4 /* GHUnit Tests.app */,
			);
			name = Products;
			sourceTree = "<group>";
		};
		0867D691FE84028FC02AAC07 /* ECFoundation */ = {
			isa = PBXGroup;
			children = (
				2210B5D41152E630006C6CCA /* Configuration */,
				08FB77AEFE84172EC02AAC07 /* Classes */,
				32C88DFF0371C24200C91783 /* Other Sources */,
				089C1665FE841158C02AAC07 /* Resources */,
				0867D69AFE84028FC02AAC07 /* External Frameworks and Libraries */,
				034768DFFF38A50411DB9C8B /* Products */,
			);
			name = ECFoundation;
			sourceTree = "<group>";
		};
		0867D69AFE84028FC02AAC07 /* External Frameworks and Libraries */ = {
			isa = PBXGroup;
			children = (
				1058C7B0FEA5585E11CA2CBB /* Linked Frameworks */,
				1058C7B2FEA5585E11CA2CBB /* Other Frameworks */,
			);
			name = "External Frameworks and Libraries";
			sourceTree = "<group>";
		};
		089C1665FE841158C02AAC07 /* Resources */ = {
			isa = PBXGroup;
			children = (
				22859E1F11FE0384008EBC30 /* ECTextItemEditorController.xib */,
				225EC6D211EBB15D00A97AEA /* ECFoundation SenTest.plist */,
				8DC2EF5A0486A6940098B216 /* ECFoundation.plist */,
				227333AF11EBBA0800695FB4 /* ECFoundation GHUnit.plist */,
				089C1666FE841158C02AAC07 /* InfoPlist.strings */,
			);
			name = Resources;
			sourceTree = "<group>";
		};
		08FB77AEFE84172EC02AAC07 /* Classes */ = {
			isa = PBXGroup;
			children = (
				227EEB8E11A6BCD2009420F7 /* prefix */,
				227EEB8011A6BCCD009420F7 /* foundation */,
				227EEB4D11A6BCC4009420F7 /* mac */,
				2286307311E32AA800654739 /* touch */,
				227333BC11EBBAA400695FB4 /* tests */,
			);
			name = Classes;
			sourceTree = "<group>";
		};
		1058C7B0FEA5585E11CA2CBB /* Linked Frameworks */ = {
			isa = PBXGroup;
			children = (
				2210B6201152E695006C6CCA /* Carbon.framework */,
				1058C7B1FEA5585E11CA2CBB /* Cocoa.framework */,
				2286311211E32FC100654739 /* CoreLocation.framework */,
				2286311411E32FC100654739 /* MapKit.framework */,
			);
			name = "Linked Frameworks";
			sourceTree = "<group>";
		};
		1058C7B2FEA5585E11CA2CBB /* Other Frameworks */ = {
			isa = PBXGroup;
			children = (
				227333B811EBBA3000695FB4 /* GHUnit.framework */,
				0867D6A5FE840307C02AAC07 /* AppKit.framework */,
				D2F7E79907B2D74100F64583 /* CoreData.framework */,
				0867D69BFE84028FC02AAC07 /* Foundation.framework */,
			);
			name = "Other Frameworks";
			sourceTree = "<group>";
		};
		2210B5D41152E630006C6CCA /* Configuration */ = {
			isa = PBXGroup;
			children = (
				227EEB3911A6BC66009420F7 /* ECFoundationDebugSettings.xcconfig */,
				227EEB3A11A6BC66009420F7 /* ECFoundationReleaseSettings.xcconfig */,
				227EEB3B11A6BC66009420F7 /* ECFoundationSharedSettings.xcconfig */,
				227EEB3C11A6BC66009420F7 /* ECMacDebugSettings.xcconfig */,
				227EEB3D11A6BC66009420F7 /* ECMacReleaseSettings.xcconfig */,
				227EEB3E11A6BC66009420F7 /* ECMacSharedSettings.xcconfig */,
				227EEB3F11A6BC66009420F7 /* ECTouchDebugSettings.xcconfig */,
				227EEB4011A6BC66009420F7 /* ECTouchReleaseSettings.xcconfig */,
				227EEB4111A6BC66009420F7 /* ECTouchSharedSettings.xcconfig */,
			);
			name = Configuration;
			path = source/configuration;
			sourceTree = "<group>";
		};
		22592EB411F5BBBE0056FF4B /* controllers */ = {
			isa = PBXGroup;
			children = (
				22859E1911FE0356008EBC30 /* ECTextItemEditorController.h */,
				22859E1A11FE0356008EBC30 /* ECTextItemEditorController.m */,
				223EFCFF11F883CA00CD6D19 /* ECDataDrivenView.h */,
				223EFD0011F883CA00CD6D19 /* ECDataDrivenView.m */,
				2206CCA911F875CD00CDD442 /* ECTickListTableController.h */,
				2206CCAA11F875CD00CDD442 /* ECTickListTableController.m */,
				22592EB511F5BBDA0056FF4B /* ECLabelValueTableController.h */,
				22592EB611F5BBDA0056FF4B /* ECLabelValueTableController.m */,
				2207E05B11F742F3004BB01D /* ECNavigationController.h */,
				2207E05C11F742F3004BB01D /* ECNavigationController.m */,
			);
			name = controllers;
			sourceTree = "<group>";
		};
		225EC68111EBAC1500A97AEA /* tests */ = {
			isa = PBXGroup;
			children = (
				228630F711E32E8E00654739 /* ECLocationUtilities.m */,
				2232B68811FA02E6001846FC /* ECDataItemTests.h */,
				2232B68911FA02E6001846FC /* ECDataItemTests.m */,
				225EC68211EBAC3D00A97AEA /* NSDictionary+ECUtilitiesTests.h */,
				225EC68311EBAC3D00A97AEA /* NSDictionary+ECUtilitiesTests.m */,
			);
			path = tests;
			sourceTree = "<group>";
		};
		227333BC11EBBAA400695FB4 /* tests */ = {
			isa = PBXGroup;
			children = (
				227333BD11EBBAA400695FB4 /* GHUnitTestMain.m */,
			);
			name = tests;
			path = source/tests;
			sourceTree = "<group>";
		};
		227334FE11EC95E000695FB4 /* tests */ = {
			isa = PBXGroup;
			children = (
				22822E6A11ED332500D84612 /* NSAppleEventDescriptor+ECUtilitiesTests.h */,
				22822E6B11ED332500D84612 /* NSAppleEventDescriptor+ECUtilitiesTests.m */,
				227334FF11EC95E000695FB4 /* NSURL+ECUtilitiesTests.h */,
				2273350011EC95E000695FB4 /* NSURL+ECUtilitiesTests.m */,
				2273350111EC95E000695FB4 /* NSWorkspace+ECUtilitiesTests.h */,
				2273350211EC95E000695FB4 /* NSWorkspace+ECUtilitiesTests.m */,
			);
			path = tests;
			sourceTree = "<group>";
		};
		227EEB4D11A6BCC4009420F7 /* mac */ = {
			isa = PBXGroup;
			children = (
				227EEB4E11A6BCC4009420F7 /* aboutbox */,
				227EEB5111A6BCC4009420F7 /* application */,
				227EEB5411A6BCC4009420F7 /* cells */,
				227EEB5711A6BCC4009420F7 /* formatting */,
				227EEB5A11A6BCC4009420F7 /* preferences */,
				227EEB6011A6BCC4009420F7 /* utilities */,
				227EEB6511A6BCC4009420F7 /* views */,
				227EEB6811A6BCC4009420F7 /* windows */,
			);
			name = mac;
			path = source/mac;
			sourceTree = "<group>";
		};
		227EEB4E11A6BCC4009420F7 /* aboutbox */ = {
			isa = PBXGroup;
			children = (
				227EEB4F11A6BCC4009420F7 /* ECAboutBoxController.h */,
				227EEB5011A6BCC4009420F7 /* ECAboutBoxController.m */,
			);
			path = aboutbox;
			sourceTree = "<group>";
		};
		227EEB5111A6BCC4009420F7 /* application */ = {
			isa = PBXGroup;
			children = (
				227EEB5211A6BCC4009420F7 /* NSApplication+DockIcon.h */,
				227EEB5311A6BCC4009420F7 /* NSApplication+DockIcon.m */,
			);
			path = application;
			sourceTree = "<group>";
		};
		227EEB5411A6BCC4009420F7 /* cells */ = {
			isa = PBXGroup;
			children = (
				227EEB5511A6BCC4009420F7 /* ECTextFieldCell.h */,
				227EEB5611A6BCC4009420F7 /* ECTextFieldCell.m */,
			);
			path = cells;
			sourceTree = "<group>";
		};
		227EEB5711A6BCC4009420F7 /* formatting */ = {
			isa = PBXGroup;
			children = (
				227EEB5811A6BCC4009420F7 /* ECLegalFilenameFormatter.h */,
				227EEB5911A6BCC4009420F7 /* ECLegalFilenameFormatter.m */,
			);
			path = formatting;
			sourceTree = "<group>";
		};
		227EEB5A11A6BCC4009420F7 /* preferences */ = {
			isa = PBXGroup;
			children = (
				227EEB5B11A6BCC4009420F7 /* ECPreferencePanel.h */,
				227EEB5C11A6BCC4009420F7 /* ECPreferencePanel.m */,
				227EEB5D11A6BCC4009420F7 /* ECPreferencePaneProtocol.h */,
				227EEB5E11A6BCC4009420F7 /* ECPreferencesController.h */,
				227EEB5F11A6BCC4009420F7 /* ECPreferencesController.m */,
			);
			path = preferences;
			sourceTree = "<group>";
		};
		227EEB6011A6BCC4009420F7 /* utilities */ = {
			isa = PBXGroup;
			children = (
				22822E5F11ED32EA00D84612 /* NSAppleEventDescriptor+ECUtilities.h */,
				22822E6011ED32EA00D84612 /* NSAppleEventDescriptor+ECUtilities.m */,
				227EEB6111A6BCC4009420F7 /* NSURL+ECUtilities.h */,
				227EEB6211A6BCC4009420F7 /* NSURL+ECUtilities.m */,
				227EEB6311A6BCC4009420F7 /* NSWorkspace+ECUtilities.h */,
				227EEB6411A6BCC4009420F7 /* NSWorkspace+ECUtilities.m */,
				227334FE11EC95E000695FB4 /* tests */,
			);
			path = utilities;
			sourceTree = "<group>";
		};
		227EEB6511A6BCC4009420F7 /* views */ = {
			isa = PBXGroup;
			children = (
				227EEB6611A6BCC4009420F7 /* ECRoundedView.h */,
				227EEB6711A6BCC4009420F7 /* ECRoundedView.m */,
			);
			path = views;
			sourceTree = "<group>";
		};
		227EEB6811A6BCC4009420F7 /* windows */ = {
			isa = PBXGroup;
			children = (
				227EEB6911A6BCC4009420F7 /* ECTransparentWindow.h */,
				227EEB6A11A6BCC4009420F7 /* ECTransparentWindow.m */,
			);
			path = windows;
			sourceTree = "<group>";
		};
		227EEB8011A6BCCD009420F7 /* foundation */ = {
			isa = PBXGroup;
			children = (
				227EEB8111A6BCCD009420F7 /* utilities */,
			);
			name = foundation;
			path = source/foundation;
			sourceTree = "<group>";
		};
		227EEB8111A6BCCD009420F7 /* utilities */ = {
			isa = PBXGroup;
			children = (
				225EC68111EBAC1500A97AEA /* tests */,
				2232B68211FA02BB001846FC /* ECDataItem.h */,
				2232B68311FA02BB001846FC /* ECDataItem.m */,
				228630F611E32E8E00654739 /* ECLocationUtilities.h */,
				226E1F9D11F8D03E00603F71 /* ECAssertion.h */,
				226E1F9E11F8D03E00603F71 /* ECLogging.h */,
				226E1FAD11F8D0A300603F71 /* ECMacros.h */,
				2206CC6511F853B000CDD442 /* ECProperties.h */,
				227EEB8411A6BCCD009420F7 /* NSDictionary+ECUtilities.h */,
				227EEB8511A6BCCD009420F7 /* NSDictionary+ECUtilities.m */,
				227EEB8611A6BCCD009420F7 /* NSFileManager+ECUtilities.h */,
				227EEB8711A6BCCD009420F7 /* NSFileManager+ECUtilities.m */,
				2273344611EBC1CB00695FB4 /* ECTestCase.h */,
				2273344711EBC1CB00695FB4 /* ECTestCase.m */,
			);
			path = utilities;
			sourceTree = "<group>";
		};
		227EEB8E11A6BCD2009420F7 /* prefix */ = {
			isa = PBXGroup;
			children = (
				227EEB8F11A6BCD2009420F7 /* ECFoundationDebugPrefix.pch */,
				227EEB9011A6BCD2009420F7 /* ECFoundationReleasePrefix.pch */,
				227EEB9111A6BCD2009420F7 /* ECFoundationSharedPrefix.pch */,
				227EEB9211A6BCD2009420F7 /* ECMacDebugPrefix.pch */,
				227EEB9311A6BCD2009420F7 /* ECMacReleasePrefix.pch */,
				227EEB9411A6BCD2009420F7 /* ECMacSharedPrefix.pch */,
				227EEB9511A6BCD2009420F7 /* ECTouchDebugPrefix.pch */,
				227EEB9611A6BCD2009420F7 /* ECTouchReleasePrefix.pch */,
				227EEB9711A6BCD2009420F7 /* ECTouchSharedPrefix.pch */,
			);
			name = prefix;
			path = source/prefix;
			sourceTree = "<group>";
		};
		2286307311E32AA800654739 /* touch */ = {
			isa = PBXGroup;
			children = (
				22592EB411F5BBBE0056FF4B /* controllers */,
				2286307411E32AA800654739 /* animation */,
			);
			name = touch;
			path = source/touch;
			sourceTree = "<group>";
		};
		2286307411E32AA800654739 /* animation */ = {
			isa = PBXGroup;
			children = (
				2286307511E32AA800654739 /* ECDropAllViewsAnimation.h */,
				2286307611E32AA800654739 /* ECDropAllViewsAnimation.m */,
			);
			path = animation;
			sourceTree = "<group>";
		};
		32C88DFF0371C24200C91783 /* Other Sources */ = {
			isa = PBXGroup;
			children = (
			);
			name = "Other Sources";
			sourceTree = "<group>";
		};
/* End PBXGroup section */

/* Begin PBXHeadersBuildPhase section */
		22FBFE6311DD0D9400578A66 /* Headers */ = {
			isa = PBXHeadersBuildPhase;
			buildActionMask = 2147483647;
			files = (
				228630C411E32DD900654739 /* ECFoundationDebugPrefix.pch in Headers */,
				228630C511E32DD900654739 /* ECFoundationReleasePrefix.pch in Headers */,
				228630C611E32DD900654739 /* ECFoundationSharedPrefix.pch in Headers */,
				228630CA11E32DD900654739 /* ECTouchDebugPrefix.pch in Headers */,
				228630CB11E32DD900654739 /* ECTouchReleasePrefix.pch in Headers */,
				228630CC11E32DD900654739 /* ECTouchSharedPrefix.pch in Headers */,
				22FBFE7411DD0DD800578A66 /* NSDictionary+ECUtilities.h in Headers */,
				22FBFE7611DD0DD800578A66 /* NSFileManager+ECUtilities.h in Headers */,
				2286307711E32AA800654739 /* ECDropAllViewsAnimation.h in Headers */,
				2232B68511FA02BB001846FC /* ECDataItem.h in Headers */,
				2286310011E32E8E00654739 /* ECLocationUtilities.h in Headers */,
				22592FA811F5C9660056FF4B /* ECLabelValueTableController.h in Headers */,
				2207E05D11F742F3004BB01D /* ECNavigationController.h in Headers */,
				2206CC6711F853B000CDD442 /* ECProperties.h in Headers */,
				2206CCAB11F875CD00CDD442 /* ECTickListTableController.h in Headers */,
				223EFD0111F883CA00CD6D19 /* ECDataDrivenView.h in Headers */,
				226E1F9F11F8D03E00603F71 /* ECAssertion.h in Headers */,
				22859E1C11FE0356008EBC30 /* ECTextItemEditorController.h in Headers */,
				226E1FA011F8D03E00603F71 /* ECLogging.h in Headers */,
				226E1FAE11F8D0A300603F71 /* ECMacros.h in Headers */,
			);
			runOnlyForDeploymentPostprocessing = 0;
		};
		8DC2EF500486A6940098B216 /* Headers */ = {
			isa = PBXHeadersBuildPhase;
			buildActionMask = 2147483647;
			files = (
				227EEB6B11A6BCC4009420F7 /* ECAboutBoxController.h in Headers */,
				227EEB6D11A6BCC4009420F7 /* NSApplication+DockIcon.h in Headers */,
				227EEB6F11A6BCC4009420F7 /* ECTextFieldCell.h in Headers */,
				227EEB7111A6BCC4009420F7 /* ECLegalFilenameFormatter.h in Headers */,
				227EEB7311A6BCC4009420F7 /* ECPreferencePanel.h in Headers */,
				227EEB7511A6BCC4009420F7 /* ECPreferencePaneProtocol.h in Headers */,
				227EEB7611A6BCC4009420F7 /* ECPreferencesController.h in Headers */,
				227EEB7811A6BCC4009420F7 /* NSURL+ECUtilities.h in Headers */,
				227EEB7A11A6BCC4009420F7 /* NSWorkspace+ECUtilities.h in Headers */,
				227EEB7C11A6BCC4009420F7 /* ECRoundedView.h in Headers */,
				227EEB7E11A6BCC4009420F7 /* ECTransparentWindow.h in Headers */,
				227EEB8A11A6BCCD009420F7 /* NSDictionary+ECUtilities.h in Headers */,
				227EEB8C11A6BCCD009420F7 /* NSFileManager+ECUtilities.h in Headers */,
				227EEB9811A6BCD2009420F7 /* ECFoundationDebugPrefix.pch in Headers */,
				227EEB9911A6BCD2009420F7 /* ECFoundationReleasePrefix.pch in Headers */,
				227EEB9A11A6BCD2009420F7 /* ECFoundationSharedPrefix.pch in Headers */,
				227EEB9B11A6BCD2009420F7 /* ECMacDebugPrefix.pch in Headers */,
				227EEB9C11A6BCD2009420F7 /* ECMacReleasePrefix.pch in Headers */,
				227EEB9D11A6BCD2009420F7 /* ECMacSharedPrefix.pch in Headers */,
				227EEB9E11A6BCD2009420F7 /* ECTouchDebugPrefix.pch in Headers */,
				227EEB9F11A6BCD2009420F7 /* ECTouchReleasePrefix.pch in Headers */,
				227EEBA011A6BCD2009420F7 /* ECTouchSharedPrefix.pch in Headers */,
				2286310A11E32E8E00654739 /* ECLocationUtilities.h in Headers */,
				22822E6111ED32EA00D84612 /* NSAppleEventDescriptor+ECUtilities.h in Headers */,
				226E1FA111F8D03E00603F71 /* ECAssertion.h in Headers */,
				226E1FA211F8D03E00603F71 /* ECLogging.h in Headers */,
				226E1FAF11F8D0A300603F71 /* ECMacros.h in Headers */,
				2232B68411FA02BB001846FC /* ECDataItem.h in Headers */,
				22859E1B11FE0356008EBC30 /* ECTextItemEditorController.h in Headers */,
			);
			runOnlyForDeploymentPostprocessing = 0;
		};
/* End PBXHeadersBuildPhase section */

/* Begin PBXNativeTarget section */
		225EC67111EBAA4800A97AEA /* ECFoundation SenTest */ = {
			isa = PBXNativeTarget;
			buildConfigurationList = 225EC67611EBAA4800A97AEA /* Build configuration list for PBXNativeTarget "ECFoundation SenTest" */;
			buildPhases = (
				225EC66D11EBAA4800A97AEA /* Resources */,
				225EC66E11EBAA4800A97AEA /* Sources */,
				225EC66F11EBAA4800A97AEA /* Frameworks */,
				225EC67011EBAA4800A97AEA /* ShellScript */,
			);
			buildRules = (
			);
			dependencies = (
				225EC67A11EBAB8100A97AEA /* PBXTargetDependency */,
			);
			name = "ECFoundation SenTest";
			productName = "EC Foundation Unit Tests";
			productReference = 225EC67211EBAA4800A97AEA /* EC Foundation Unit Tests.octest */;
			productType = "com.apple.product-type.bundle";
		};
		227333A311EBBA0800695FB4 /* ECFoundation GHUnit */ = {
			isa = PBXNativeTarget;
			buildConfigurationList = 227333B211EBBA0800695FB4 /* Build configuration list for PBXNativeTarget "ECFoundation GHUnit" */;
			buildPhases = (
				227333A011EBBA0800695FB4 /* Resources */,
				227333A111EBBA0800695FB4 /* Sources */,
				227333A211EBBA0800695FB4 /* Frameworks */,
				2255AE6811ECBF4100423A95 /* ShellScript */,
			);
			buildRules = (
			);
			dependencies = (
				227333B411EBBA2300695FB4 /* PBXTargetDependency */,
			);
			name = "ECFoundation GHUnit";
			productName = "GHUnit Tests";
			productReference = 227333A411EBBA0800695FB4 /* GHUnit Tests.app */;
			productType = "com.apple.product-type.application";
		};
		22FBFE6611DD0D9400578A66 /* ECFoundation Touch */ = {
			isa = PBXNativeTarget;
			buildConfigurationList = 22FBFE7B11DD0E0000578A66 /* Build configuration list for PBXNativeTarget "ECFoundation Touch" */;
			buildPhases = (
				22FBFE6311DD0D9400578A66 /* Headers */,
				22FBFE6411DD0D9400578A66 /* Sources */,
				22FBFE6511DD0D9400578A66 /* Frameworks */,
			);
			buildRules = (
			);
			dependencies = (
			);
			name = "ECFoundation Touch";
			productName = "ECFoundation Touch";
			productReference = 22FBFE6711DD0D9400578A66 /* libECFoundationTouch.a */;
			productType = "com.apple.product-type.library.static";
		};
		8DC2EF4F0486A6940098B216 /* ECFoundation */ = {
			isa = PBXNativeTarget;
			buildConfigurationList = 1DEB91AD08733DA50010E9CD /* Build configuration list for PBXNativeTarget "ECFoundation" */;
			buildPhases = (
				8DC2EF520486A6940098B216 /* Resources */,
				8DC2EF500486A6940098B216 /* Headers */,
				8DC2EF540486A6940098B216 /* Sources */,
				8DC2EF560486A6940098B216 /* Frameworks */,
			);
			buildRules = (
			);
			dependencies = (
			);
			name = ECFoundation;
			productInstallPath = "$(HOME)/Library/Frameworks";
			productName = ECFoundation;
			productReference = 8DC2EF5B0486A6940098B216 /* ECFoundation.framework */;
			productType = "com.apple.product-type.framework";
		};
/* End PBXNativeTarget section */

/* Begin PBXProject section */
		0867D690FE84028FC02AAC07 /* Project object */ = {
			isa = PBXProject;
			buildConfigurationList = 1DEB91B108733DA50010E9CD /* Build configuration list for PBXProject "ECFoundation" */;
			compatibilityVersion = "Xcode 3.1";
			developmentRegion = English;
			hasScannedForEncodings = 1;
			knownRegions = (
				English,
				Japanese,
				French,
				German,
			);
			mainGroup = 0867D691FE84028FC02AAC07 /* ECFoundation */;
			productRefGroup = 034768DFFF38A50411DB9C8B /* Products */;
			projectDirPath = "";
			projectRoot = "";
			targets = (
				8DC2EF4F0486A6940098B216 /* ECFoundation */,
				22FBFE6611DD0D9400578A66 /* ECFoundation Touch */,
				225EC67111EBAA4800A97AEA /* ECFoundation SenTest */,
				227333A311EBBA0800695FB4 /* ECFoundation GHUnit */,
			);
		};
/* End PBXProject section */

/* Begin PBXResourcesBuildPhase section */
		225EC66D11EBAA4800A97AEA /* Resources */ = {
			isa = PBXResourcesBuildPhase;
			buildActionMask = 2147483647;
			files = (
			);
			runOnlyForDeploymentPostprocessing = 0;
		};
		227333A011EBBA0800695FB4 /* Resources */ = {
			isa = PBXResourcesBuildPhase;
			buildActionMask = 2147483647;
			files = (
			);
			runOnlyForDeploymentPostprocessing = 0;
		};
		8DC2EF520486A6940098B216 /* Resources */ = {
			isa = PBXResourcesBuildPhase;
			buildActionMask = 2147483647;
			files = (
				8DC2EF530486A6940098B216 /* InfoPlist.strings in Resources */,
				227EEB4211A6BC66009420F7 /* ECFoundationDebugSettings.xcconfig in Resources */,
				227EEB4311A6BC66009420F7 /* ECFoundationReleaseSettings.xcconfig in Resources */,
				227EEB4411A6BC66009420F7 /* ECFoundationSharedSettings.xcconfig in Resources */,
				227EEB4511A6BC66009420F7 /* ECMacDebugSettings.xcconfig in Resources */,
				227EEB4611A6BC66009420F7 /* ECMacReleaseSettings.xcconfig in Resources */,
				227EEB4711A6BC66009420F7 /* ECMacSharedSettings.xcconfig in Resources */,
				227EEB4811A6BC66009420F7 /* ECTouchDebugSettings.xcconfig in Resources */,
				227EEB4911A6BC66009420F7 /* ECTouchReleaseSettings.xcconfig in Resources */,
				227EEB4A11A6BC66009420F7 /* ECTouchSharedSettings.xcconfig in Resources */,
			);
			runOnlyForDeploymentPostprocessing = 0;
		};
/* End PBXResourcesBuildPhase section */

/* Begin PBXShellScriptBuildPhase section */
		2255AE6811ECBF4100423A95 /* ShellScript */ = {
			isa = PBXShellScriptBuildPhase;
			buildActionMask = 2147483647;
			files = (
			);
			inputPaths = (
			);
			outputPaths = (
			);
			runOnlyForDeploymentPostprocessing = 0;
			shellPath = /bin/sh;
			shellScript = "scripts/run-tests.sh";
			showEnvVarsInLog = 0;
		};
		225EC67011EBAA4800A97AEA /* ShellScript */ = {
			isa = PBXShellScriptBuildPhase;
			buildActionMask = 2147483647;
			files = (
			);
			inputPaths = (
			);
			outputPaths = (
			);
			runOnlyForDeploymentPostprocessing = 0;
			shellPath = /bin/sh;
			shellScript = "# Run the unit tests in this test bundle.\n\"${SYSTEM_DEVELOPER_DIR}/Tools/RunUnitTests\"\n";
			showEnvVarsInLog = 0;
		};
/* End PBXShellScriptBuildPhase section */

/* Begin PBXSourcesBuildPhase section */
		225EC66E11EBAA4800A97AEA /* Sources */ = {
			isa = PBXSourcesBuildPhase;
			buildActionMask = 2147483647;
			files = (
				225EC68411EBAC3D00A97AEA /* NSDictionary+ECUtilitiesTests.m in Sources */,
				2273346511EBC45300695FB4 /* ECTestCase.m in Sources */,
				2273350511EC95E000695FB4 /* NSURL+ECUtilitiesTests.m in Sources */,
				2273350611EC95E000695FB4 /* NSWorkspace+ECUtilitiesTests.m in Sources */,
				22822E6C11ED332500D84612 /* NSAppleEventDescriptor+ECUtilitiesTests.m in Sources */,
				2232B68A11FA02E6001846FC /* ECDataItemTests.m in Sources */,
			);
			runOnlyForDeploymentPostprocessing = 0;
		};
		227333A111EBBA0800695FB4 /* Sources */ = {
			isa = PBXSourcesBuildPhase;
			buildActionMask = 2147483647;
			files = (
				227333BE11EBBAA400695FB4 /* GHUnitTestMain.m in Sources */,
				227333C611EBBADD00695FB4 /* NSDictionary+ECUtilitiesTests.m in Sources */,
				2273344811EBC1CB00695FB4 /* ECTestCase.m in Sources */,
				2273350311EC95E000695FB4 /* NSURL+ECUtilitiesTests.m in Sources */,
				2273350411EC95E000695FB4 /* NSWorkspace+ECUtilitiesTests.m in Sources */,
				22822E6D11ED332500D84612 /* NSAppleEventDescriptor+ECUtilitiesTests.m in Sources */,
				2232B68B11FA02E6001846FC /* ECDataItemTests.m in Sources */,
			);
			runOnlyForDeploymentPostprocessing = 0;
		};
		22FBFE6411DD0D9400578A66 /* Sources */ = {
			isa = PBXSourcesBuildPhase;
			buildActionMask = 2147483647;
			files = (
				22FBFE7511DD0DD800578A66 /* NSDictionary+ECUtilities.m in Sources */,
				22FBFE7711DD0DD800578A66 /* NSFileManager+ECUtilities.m in Sources */,
				2286307811E32AA800654739 /* ECDropAllViewsAnimation.m in Sources */,
				2286310111E32E8E00654739 /* ECLocationUtilities.m in Sources */,
				22592EC211F5BEDD0056FF4B /* ECLabelValueTableController.m in Sources */,
				2207E05E11F742F3004BB01D /* ECNavigationController.m in Sources */,
				2206CCAC11F875CD00CDD442 /* ECTickListTableController.m in Sources */,
				223EFD0211F883CA00CD6D19 /* ECDataDrivenView.m in Sources */,
				2232B68711FA02BB001846FC /* ECDataItem.m in Sources */,
				22859E1E11FE0356008EBC30 /* ECTextItemEditorController.m in Sources */,
			);
			runOnlyForDeploymentPostprocessing = 0;
		};
		8DC2EF540486A6940098B216 /* Sources */ = {
			isa = PBXSourcesBuildPhase;
			buildActionMask = 2147483647;
			files = (
				227EEB6C11A6BCC4009420F7 /* ECAboutBoxController.m in Sources */,
				227EEB6E11A6BCC4009420F7 /* NSApplication+DockIcon.m in Sources */,
				227EEB7011A6BCC4009420F7 /* ECTextFieldCell.m in Sources */,
				227EEB7211A6BCC4009420F7 /* ECLegalFilenameFormatter.m in Sources */,
				227EEB7411A6BCC4009420F7 /* ECPreferencePanel.m in Sources */,
				227EEB7711A6BCC4009420F7 /* ECPreferencesController.m in Sources */,
				227EEB7911A6BCC4009420F7 /* NSURL+ECUtilities.m in Sources */,
				227EEB7B11A6BCC4009420F7 /* NSWorkspace+ECUtilities.m in Sources */,
				227EEB7D11A6BCC4009420F7 /* ECRoundedView.m in Sources */,
				227EEB7F11A6BCC4009420F7 /* ECTransparentWindow.m in Sources */,
				227EEB8B11A6BCCD009420F7 /* NSDictionary+ECUtilities.m in Sources */,
				227EEB8D11A6BCCD009420F7 /* NSFileManager+ECUtilities.m in Sources */,
				2286310B11E32E8E00654739 /* ECLocationUtilities.m in Sources */,
				22822E6211ED32EA00D84612 /* NSAppleEventDescriptor+ECUtilities.m in Sources */,
				2232B68611FA02BB001846FC /* ECDataItem.m in Sources */,
				22859E1D11FE0356008EBC30 /* ECTextItemEditorController.m in Sources */,
			);
			runOnlyForDeploymentPostprocessing = 0;
		};
/* End PBXSourcesBuildPhase section */

/* Begin PBXTargetDependency section */
		225EC67A11EBAB8100A97AEA /* PBXTargetDependency */ = {
			isa = PBXTargetDependency;
			target = 8DC2EF4F0486A6940098B216 /* ECFoundation */;
			targetProxy = 225EC67911EBAB8100A97AEA /* PBXContainerItemProxy */;
		};
		227333B411EBBA2300695FB4 /* PBXTargetDependency */ = {
			isa = PBXTargetDependency;
			target = 8DC2EF4F0486A6940098B216 /* ECFoundation */;
			targetProxy = 227333B311EBBA2300695FB4 /* PBXContainerItemProxy */;
		};
/* End PBXTargetDependency section */

/* Begin PBXVariantGroup section */
		089C1666FE841158C02AAC07 /* InfoPlist.strings */ = {
			isa = PBXVariantGroup;
			children = (
				089C1667FE841158C02AAC07 /* InfoPlist.strings */,
			);
			name = InfoPlist.strings;
			sourceTree = "<group>";
		};
		22859E1F11FE0384008EBC30 /* ECTextItemEditorController.xib */ = {
			isa = PBXVariantGroup;
			children = (
				22859E2011FE0384008EBC30 /* English */,
			);
			name = ECTextItemEditorController.xib;
			sourceTree = "<group>";
		};
/* End PBXVariantGroup section */

/* Begin XCBuildConfiguration section */
		1DEB91AE08733DA50010E9CD /* Debug */ = {
			isa = XCBuildConfiguration;
			buildSettings = {
				DYLIB_COMPATIBILITY_VERSION = 1;
				DYLIB_CURRENT_VERSION = 1;
				FRAMEWORK_VERSION = A;
				GCC_ENABLE_FIX_AND_CONTINUE = YES;
				GCC_PREFIX_HEADER = "source/prefix/ECMac$(CONFIGURATION)Prefix.pch";
				INFOPLIST_FILE = resources/ECFoundation.plist;
				INSTALL_PATH = "$(HOME)/Library/Frameworks";
				PRODUCT_NAME = ECFoundation;
				WRAPPER_EXTENSION = framework;
			};
			name = Debug;
		};
		1DEB91AF08733DA50010E9CD /* Release */ = {
			isa = XCBuildConfiguration;
			buildSettings = {
				DYLIB_COMPATIBILITY_VERSION = 1;
				DYLIB_CURRENT_VERSION = 1;
				FRAMEWORK_VERSION = A;
				GCC_PREFIX_HEADER = "source/prefix/ECMac$(CONFIGURATION)Prefix.pch";
				INFOPLIST_FILE = resources/ECFoundation.plist;
				INSTALL_PATH = "$(HOME)/Library/Frameworks";
				PRODUCT_NAME = ECFoundation;
				WRAPPER_EXTENSION = framework;
			};
			name = Release;
		};
		1DEB91B208733DA50010E9CD /* Debug */ = {
			isa = XCBuildConfiguration;
			baseConfigurationReference = 227EEB3C11A6BC66009420F7 /* ECMacDebugSettings.xcconfig */;
			buildSettings = {
			};
			name = Debug;
		};
		1DEB91B308733DA50010E9CD /* Release */ = {
			isa = XCBuildConfiguration;
			baseConfigurationReference = 227EEB3D11A6BC66009420F7 /* ECMacReleaseSettings.xcconfig */;
			buildSettings = {
			};
			name = Release;
		};
		225EC67411EBAA4800A97AEA /* Debug */ = {
			isa = XCBuildConfiguration;
			buildSettings = {
				ALWAYS_SEARCH_USER_PATHS = NO;
				COPY_PHASE_STRIP = NO;
				FRAMEWORK_SEARCH_PATHS = "$(DEVELOPER_LIBRARY_DIR)/Frameworks";
				GCC_DYNAMIC_NO_PIC = NO;
				GCC_ENABLE_FIX_AND_CONTINUE = NO;
				GCC_ENABLE_OBJC_EXCEPTIONS = YES;
				GCC_MODEL_TUNING = G5;
				GCC_OPTIMIZATION_LEVEL = 0;
				GCC_PRECOMPILE_PREFIX_HEADER = YES;
				GCC_PREFIX_HEADER = "source/prefix/ECMac$(CONFIGURATION)Prefix.pch";
				GCC_PREPROCESSOR_DEFINITIONS = "EC_USE_SEN_TEST=1";
				INFOPLIST_FILE = "resources/ECFoundation SenTest.plist";
				INSTALL_PATH = "$(USER_LIBRARY_DIR)/Bundles";
				OTHER_LDFLAGS = (
					"-framework",
					Cocoa,
					"-framework",
					SenTestingKit,
				);
				PREBINDING = NO;
				PRODUCT_NAME = "EC Foundation Unit Tests";
				WRAPPER_EXTENSION = octest;
			};
			name = Debug;
		};
		225EC67511EBAA4800A97AEA /* Release */ = {
			isa = XCBuildConfiguration;
			buildSettings = {
				ALWAYS_SEARCH_USER_PATHS = NO;
				COPY_PHASE_STRIP = YES;
				DEBUG_INFORMATION_FORMAT = "dwarf-with-dsym";
				FRAMEWORK_SEARCH_PATHS = "$(DEVELOPER_LIBRARY_DIR)/Frameworks";
				GCC_ENABLE_FIX_AND_CONTINUE = NO;
				GCC_ENABLE_OBJC_EXCEPTIONS = YES;
				GCC_MODEL_TUNING = G5;
				GCC_PRECOMPILE_PREFIX_HEADER = YES;
				GCC_PREFIX_HEADER = "source/prefix/ECMac$(CONFIGURATION)Prefix.pch";
				GCC_PREPROCESSOR_DEFINITIONS = "EC_USE_SEN_TEST=1";
				INFOPLIST_FILE = "resources/ECFoundation SenTest.plist";
				INSTALL_PATH = "$(USER_LIBRARY_DIR)/Bundles";
				OTHER_LDFLAGS = (
					"-framework",
					Cocoa,
					"-framework",
					SenTestingKit,
				);
				PREBINDING = NO;
				PRODUCT_NAME = "EC Foundation Unit Tests";
				WRAPPER_EXTENSION = octest;
			};
			name = Release;
		};
		227333B011EBBA0800695FB4 /* Debug */ = {
			isa = XCBuildConfiguration;
			buildSettings = {
				ALWAYS_SEARCH_USER_PATHS = NO;
				COPY_PHASE_STRIP = NO;
				GCC_DYNAMIC_NO_PIC = NO;
				GCC_ENABLE_FIX_AND_CONTINUE = YES;
				GCC_MODEL_TUNING = G5;
				GCC_OPTIMIZATION_LEVEL = 0;
				GCC_PRECOMPILE_PREFIX_HEADER = YES;
				GCC_PREFIX_HEADER = "source/prefix/ECMac$(CONFIGURATION)Prefix.pch";
				INFOPLIST_FILE = "resources/ECFoundation GHUnit.plist";
				INSTALL_PATH = "$(HOME)/Applications";
				OTHER_LDFLAGS = (
					"-framework",
					Foundation,
					"-framework",
					AppKit,
				);
				PREBINDING = NO;
				PRODUCT_NAME = "GHUnit Tests";
			};
			name = Debug;
		};
		227333B111EBBA0800695FB4 /* Release */ = {
			isa = XCBuildConfiguration;
			buildSettings = {
				ALWAYS_SEARCH_USER_PATHS = NO;
				COPY_PHASE_STRIP = YES;
				DEBUG_INFORMATION_FORMAT = "dwarf-with-dsym";
				GCC_ENABLE_FIX_AND_CONTINUE = NO;
				GCC_MODEL_TUNING = G5;
				GCC_PRECOMPILE_PREFIX_HEADER = YES;
				GCC_PREFIX_HEADER = "source/prefix/ECMac$(CONFIGURATION)Prefix.pch";
				INFOPLIST_FILE = "resources/ECFoundation GHUnit.plist";
				INSTALL_PATH = "$(HOME)/Applications";
				OTHER_LDFLAGS = (
					"-framework",
					Foundation,
					"-framework",
					AppKit,
				);
				PREBINDING = NO;
				PRODUCT_NAME = "GHUnit Tests";
				ZERO_LINK = NO;
			};
			name = Release;
		};
		22FBFE6811DD0D9400578A66 /* Debug */ = {
			isa = XCBuildConfiguration;
			baseConfigurationReference = 227EEB3F11A6BC66009420F7 /* ECTouchDebugSettings.xcconfig */;
			buildSettings = {
				GCC_PREFIX_HEADER = "source/prefix/ECTouch$(CONFIGURATION)Prefix.pch";
				PRODUCT_NAME = ECFoundationTouch;
			};
			name = Debug;
		};
		22FBFE6911DD0D9400578A66 /* Release */ = {
			isa = XCBuildConfiguration;
			baseConfigurationReference = 227EEB4011A6BC66009420F7 /* ECTouchReleaseSettings.xcconfig */;
			buildSettings = {
				GCC_PREFIX_HEADER = "source/prefix/ECTouch$(CONFIGURATION)Prefix.pch";
				PRODUCT_NAME = ECFoundationTouch;
			};
			name = Release;
		};
/* End XCBuildConfiguration section */

/* Begin XCConfigurationList section */
		1DEB91AD08733DA50010E9CD /* Build configuration list for PBXNativeTarget "ECFoundation" */ = {
			isa = XCConfigurationList;
			buildConfigurations = (
				1DEB91AE08733DA50010E9CD /* Debug */,
				1DEB91AF08733DA50010E9CD /* Release */,
			);
			defaultConfigurationIsVisible = 0;
			defaultConfigurationName = Release;
		};
		1DEB91B108733DA50010E9CD /* Build configuration list for PBXProject "ECFoundation" */ = {
			isa = XCConfigurationList;
			buildConfigurations = (
				1DEB91B208733DA50010E9CD /* Debug */,
				1DEB91B308733DA50010E9CD /* Release */,
			);
			defaultConfigurationIsVisible = 0;
			defaultConfigurationName = Release;
		};
		225EC67611EBAA4800A97AEA /* Build configuration list for PBXNativeTarget "ECFoundation SenTest" */ = {
			isa = XCConfigurationList;
			buildConfigurations = (
				225EC67411EBAA4800A97AEA /* Debug */,
				225EC67511EBAA4800A97AEA /* Release */,
			);
			defaultConfigurationIsVisible = 0;
			defaultConfigurationName = Release;
		};
		227333B211EBBA0800695FB4 /* Build configuration list for PBXNativeTarget "ECFoundation GHUnit" */ = {
			isa = XCConfigurationList;
			buildConfigurations = (
				227333B011EBBA0800695FB4 /* Debug */,
				227333B111EBBA0800695FB4 /* Release */,
			);
			defaultConfigurationIsVisible = 0;
			defaultConfigurationName = Release;
		};
		22FBFE7B11DD0E0000578A66 /* Build configuration list for PBXNativeTarget "ECFoundation Touch" */ = {
			isa = XCConfigurationList;
			buildConfigurations = (
				22FBFE6811DD0D9400578A66 /* Debug */,
				22FBFE6911DD0D9400578A66 /* Release */,
			);
			defaultConfigurationIsVisible = 0;
			defaultConfigurationName = Release;
		};
/* End XCConfigurationList section */
	};
	rootObject = 0867D690FE84028FC02AAC07 /* Project object */;
}
