// !$*UTF8*$!
{
	archiveVersion = 1;
	classes = {
	};
	objectVersion = 46;
	objects = {

/* Begin PBXBuildFile section */
		2242611D149F50CD00DB6C53 /* ECLogging.plist in Resources */ = {isa = PBXBuildFile; fileRef = 2242611C149F50CD00DB6C53 /* ECLogging.plist */; };
		22A7235D1435DE0F00889A06 /* Credits.rtf in Resources */ = {isa = PBXBuildFile; fileRef = 22A723591435DE0F00889A06 /* Credits.rtf */; };
		22A7235E1435DE0F00889A06 /* MainMenu.xib in Resources */ = {isa = PBXBuildFile; fileRef = 22A7235B1435DE0F00889A06 /* MainMenu.xib */; };
		22A723651435E21A00889A06 /* main.m in Sources */ = {isa = PBXBuildFile; fileRef = 226FB46E13E1EB0B00BF258D /* main.m */; };
		22A7236F1435E39000889A06 /* info.plist in Resources */ = {isa = PBXBuildFile; fileRef = 226FB46113E1EB0B00BF258D /* info.plist */; };
		22DE797F14F57AE500C13BC9 /* libECLoggingMac.a in Frameworks */ = {isa = PBXBuildFile; fileRef = 22DE797E14F57AE500C13BC9 /* libECLoggingMac.a */; };
		22E51FBB1434E04F008F8D41 /* Cocoa.framework in Frameworks */ = {isa = PBXBuildFile; fileRef = 22E51FBA1434E04F008F8D41 /* Cocoa.framework */; };
		22E51FD81434E0F0008F8D41 /* AppDelegate.m in Sources */ = {isa = PBXBuildFile; fileRef = 22E51FD71434E0F0008F8D41 /* AppDelegate.m */; };
/* End PBXBuildFile section */

/* Begin PBXFileReference section */
		2242611C149F50CD00DB6C53 /* ECLogging.plist */ = {isa = PBXFileReference; fileEncoding = 4; lastKnownFileType = text.plist.xml; name = ECLogging.plist; path = Resources/ECLogging.plist; sourceTree = SOURCE_ROOT; };
		226FB43B13E1EA7200BF258D /* UIKit.framework */ = {isa = PBXFileReference; lastKnownFileType = wrapper.framework; name = UIKit.framework; path = System/Library/Frameworks/UIKit.framework; sourceTree = SDKROOT; };
		226FB43D13E1EA7200BF258D /* Foundation.framework */ = {isa = PBXFileReference; lastKnownFileType = wrapper.framework; name = Foundation.framework; path = System/Library/Frameworks/Foundation.framework; sourceTree = SDKROOT; };
		226FB43F13E1EA7200BF258D /* CoreGraphics.framework */ = {isa = PBXFileReference; lastKnownFileType = wrapper.framework; name = CoreGraphics.framework; path = System/Library/Frameworks/CoreGraphics.framework; sourceTree = SDKROOT; };
		226FB46113E1EB0B00BF258D /* info.plist */ = {isa = PBXFileReference; fileEncoding = 4; lastKnownFileType = text.plist.xml; path = info.plist; sourceTree = "<group>"; };
		226FB46713E1EB0B00BF258D /* en */ = {isa = PBXFileReference; lastKnownFileType = text.plist.strings; name = en; path = en.lproj/InfoPlist.strings; sourceTree = "<group>"; };
		226FB46E13E1EB0B00BF258D /* main.m */ = {isa = PBXFileReference; fileEncoding = 4; lastKnownFileType = sourcecode.c.objc; path = main.m; sourceTree = "<group>"; };
		226FB47013E1EB0B00BF258D /* SharedPrefix.pch */ = {isa = PBXFileReference; fileEncoding = 4; lastKnownFileType = sourcecode.c.h; path = SharedPrefix.pch; sourceTree = "<group>"; };
		226FB47113E1EB0B00BF258D /* DebugPrefix.pch */ = {isa = PBXFileReference; fileEncoding = 4; lastKnownFileType = sourcecode.c.h; path = DebugPrefix.pch; sourceTree = "<group>"; };
		226FB47213E1EB0B00BF258D /* ReleasePrefix.pch */ = {isa = PBXFileReference; fileEncoding = 4; lastKnownFileType = sourcecode.c.h; path = ReleasePrefix.pch; sourceTree = "<group>"; };
		22A7235A1435DE0F00889A06 /* en */ = {isa = PBXFileReference; lastKnownFileType = text.rtf; name = en; path = Resources/en.lproj/Credits.rtf; sourceTree = SOURCE_ROOT; };
		22A7235C1435DE0F00889A06 /* en */ = {isa = PBXFileReference; lastKnownFileType = file.xib; name = en; path = Resources/en.lproj/MainMenu.xib; sourceTree = SOURCE_ROOT; };
		22DE797E14F57AE500C13BC9 /* libECLoggingMac.a */ = {isa = PBXFileReference; lastKnownFileType = archive.ar; name = libECLoggingMac.a; path = ../../../../Modules/ECLogging/build/Release/ECLoggingMac/libECLoggingMac.a; sourceTree = "<group>"; };
		22E51FB81434E04F008F8D41 /* ECLoggingSample.app */ = {isa = PBXFileReference; explicitFileType = wrapper.application; includeInIndex = 0; path = ECLoggingSample.app; sourceTree = BUILT_PRODUCTS_DIR; };
		22E51FBA1434E04F008F8D41 /* Cocoa.framework */ = {isa = PBXFileReference; lastKnownFileType = wrapper.framework; name = Cocoa.framework; path = Library/Frameworks/Cocoa.framework; sourceTree = DEVELOPER_DIR; };
		22E51FBD1434E04F008F8D41 /* AppKit.framework */ = {isa = PBXFileReference; lastKnownFileType = wrapper.framework; name = AppKit.framework; path = Library/Frameworks/AppKit.framework; sourceTree = SDKROOT; };
		22E51FBE1434E04F008F8D41 /* CoreData.framework */ = {isa = PBXFileReference; lastKnownFileType = wrapper.framework; name = CoreData.framework; path = Library/Frameworks/CoreData.framework; sourceTree = SDKROOT; };
		22E51FBF1434E04F008F8D41 /* Foundation.framework */ = {isa = PBXFileReference; lastKnownFileType = wrapper.framework; name = Foundation.framework; path = Library/Frameworks/Foundation.framework; sourceTree = SDKROOT; };
		22E51FD61434E0F0008F8D41 /* AppDelegate.h */ = {isa = PBXFileReference; fileEncoding = 4; lastKnownFileType = sourcecode.c.h; name = AppDelegate.h; path = Source/AppDelegate.h; sourceTree = SOURCE_ROOT; };
		22E51FD71434E0F0008F8D41 /* AppDelegate.m */ = {isa = PBXFileReference; fileEncoding = 4; lastKnownFileType = sourcecode.c.objc; name = AppDelegate.m; path = Source/AppDelegate.m; sourceTree = SOURCE_ROOT; };
/* End PBXFileReference section */

/* Begin PBXFrameworksBuildPhase section */
		22E51FB51434E04F008F8D41 /* Frameworks */ = {
			isa = PBXFrameworksBuildPhase;
			buildActionMask = 2147483647;
			files = (
				22DE797F14F57AE500C13BC9 /* libECLoggingMac.a in Frameworks */,
				22E51FBB1434E04F008F8D41 /* Cocoa.framework in Frameworks */,
			);
			runOnlyForDeploymentPostprocessing = 0;
		};
/* End PBXFrameworksBuildPhase section */

/* Begin PBXGroup section */
		226FB42C13E1EA7200BF258D = {
			isa = PBXGroup;
			children = (
				226FB46813E1EB0B00BF258D /* Source */,
				226FB46013E1EB0B00BF258D /* Resources */,
				226FB43A13E1EA7200BF258D /* Frameworks */,
				226FB43813E1EA7200BF258D /* Products */,
			);
			sourceTree = "<group>";
		};
		226FB43813E1EA7200BF258D /* Products */ = {
			isa = PBXGroup;
			children = (
				22E51FB81434E04F008F8D41 /* ECLoggingSample.app */,
			);
			name = Products;
			sourceTree = "<group>";
		};
		226FB43A13E1EA7200BF258D /* Frameworks */ = {
			isa = PBXGroup;
			children = (
				22DE797E14F57AE500C13BC9 /* libECLoggingMac.a */,
				226FB43B13E1EA7200BF258D /* UIKit.framework */,
				226FB43D13E1EA7200BF258D /* Foundation.framework */,
				226FB43F13E1EA7200BF258D /* CoreGraphics.framework */,
				22E51FBA1434E04F008F8D41 /* Cocoa.framework */,
				22E51FBC1434E04F008F8D41 /* Other Frameworks */,
			);
			name = Frameworks;
			sourceTree = "<group>";
		};
		226FB46013E1EB0B00BF258D /* Resources */ = {
			isa = PBXGroup;
			children = (
				22A723591435DE0F00889A06 /* Credits.rtf */,
				22A7235B1435DE0F00889A06 /* MainMenu.xib */,
				226FB46113E1EB0B00BF258D /* info.plist */,
				2242611C149F50CD00DB6C53 /* ECLogging.plist */,
				226FB46613E1EB0B00BF258D /* InfoPlist.strings */,
			);
			name = Resources;
			path = resources;
			sourceTree = "<group>";
		};
		226FB46813E1EB0B00BF258D /* Source */ = {
			isa = PBXGroup;
			children = (
				22E51FD61434E0F0008F8D41 /* AppDelegate.h */,
				22E51FD71434E0F0008F8D41 /* AppDelegate.m */,
				226FB46E13E1EB0B00BF258D /* main.m */,
				226FB46F13E1EB0B00BF258D /* Prefix */,
			);
			name = Source;
			path = source;
			sourceTree = "<group>";
		};
		226FB46F13E1EB0B00BF258D /* Prefix */ = {
			isa = PBXGroup;
			children = (
				226FB47013E1EB0B00BF258D /* SharedPrefix.pch */,
				226FB47113E1EB0B00BF258D /* DebugPrefix.pch */,
				226FB47213E1EB0B00BF258D /* ReleasePrefix.pch */,
			);
			name = Prefix;
			path = prefix;
			sourceTree = "<group>";
		};
		22E51FBC1434E04F008F8D41 /* Other Frameworks */ = {
			isa = PBXGroup;
			children = (
				22E51FBD1434E04F008F8D41 /* AppKit.framework */,
				22E51FBE1434E04F008F8D41 /* CoreData.framework */,
				22E51FBF1434E04F008F8D41 /* Foundation.framework */,
			);
			name = "Other Frameworks";
			sourceTree = "<group>";
		};
/* End PBXGroup section */

/* Begin PBXNativeTarget section */
		22E51FB71434E04F008F8D41 /* ECLoggingSample */ = {
			isa = PBXNativeTarget;
			buildConfigurationList = 22E51FD41434E050008F8D41 /* Build configuration list for PBXNativeTarget "ECLoggingSample" */;
			buildPhases = (
				22E51FB41434E04F008F8D41 /* Sources */,
				22E51FB51434E04F008F8D41 /* Frameworks */,
				22E51FB61434E04F008F8D41 /* Resources */,
			);
			buildRules = (
			);
			dependencies = (
			);
			name = ECLoggingSample;
			productName = ECLoggingSampleMac;
			productReference = 22E51FB81434E04F008F8D41 /* ECLoggingSample.app */;
			productType = "com.apple.product-type.application";
		};
/* End PBXNativeTarget section */

/* Begin PBXProject section */
		226FB42E13E1EA7200BF258D /* Project object */ = {
			isa = PBXProject;
			attributes = {
				LastUpgradeCheck = 0430;
			};
			buildConfigurationList = 226FB43113E1EA7200BF258D /* Build configuration list for PBXProject "ECLoggingSample" */;
			compatibilityVersion = "Xcode 3.2";
			developmentRegion = English;
			hasScannedForEncodings = 0;
			knownRegions = (
				en,
			);
			mainGroup = 226FB42C13E1EA7200BF258D;
			productRefGroup = 226FB43813E1EA7200BF258D /* Products */;
			projectDirPath = "";
			projectRoot = "";
			targets = (
				22E51FB71434E04F008F8D41 /* ECLoggingSample */,
			);
		};
/* End PBXProject section */

/* Begin PBXResourcesBuildPhase section */
		22E51FB61434E04F008F8D41 /* Resources */ = {
			isa = PBXResourcesBuildPhase;
			buildActionMask = 2147483647;
			files = (
				22A7235D1435DE0F00889A06 /* Credits.rtf in Resources */,
				22A7235E1435DE0F00889A06 /* MainMenu.xib in Resources */,
				22A7236F1435E39000889A06 /* info.plist in Resources */,
				2242611D149F50CD00DB6C53 /* ECLogging.plist in Resources */,
			);
			runOnlyForDeploymentPostprocessing = 0;
		};
/* End PBXResourcesBuildPhase section */

/* Begin PBXSourcesBuildPhase section */
		22E51FB41434E04F008F8D41 /* Sources */ = {
			isa = PBXSourcesBuildPhase;
			buildActionMask = 2147483647;
			files = (
				22E51FD81434E0F0008F8D41 /* AppDelegate.m in Sources */,
				22A723651435E21A00889A06 /* main.m in Sources */,
			);
			runOnlyForDeploymentPostprocessing = 0;
		};
/* End PBXSourcesBuildPhase section */

/* Begin PBXVariantGroup section */
		226FB46613E1EB0B00BF258D /* InfoPlist.strings */ = {
			isa = PBXVariantGroup;
			children = (
				226FB46713E1EB0B00BF258D /* en */,
			);
			name = InfoPlist.strings;
			sourceTree = "<group>";
		};
		22A723591435DE0F00889A06 /* Credits.rtf */ = {
			isa = PBXVariantGroup;
			children = (
				22A7235A1435DE0F00889A06 /* en */,
			);
			name = Credits.rtf;
			sourceTree = "<group>";
		};
		22A7235B1435DE0F00889A06 /* MainMenu.xib */ = {
			isa = PBXVariantGroup;
			children = (
				22A7235C1435DE0F00889A06 /* en */,
			);
			name = MainMenu.xib;
			sourceTree = "<group>";
		};
/* End PBXVariantGroup section */

/* Begin XCBuildConfiguration section */
		226FB45613E1EA7200BF258D /* Debug */ = {
			isa = XCBuildConfiguration;
			buildSettings = {
				ALWAYS_SEARCH_USER_PATHS = NO;
				ARCHS = "$(ARCHS_STANDARD_32_BIT)";
				CLANG_ENABLE_OBJC_ARC = NO;
				"CODE_SIGN_IDENTITY[sdk=iphoneos*]" = "iPhone Developer";
				COPY_PHASE_STRIP = NO;
				GCC_C_LANGUAGE_STANDARD = gnu99;
				GCC_DYNAMIC_NO_PIC = NO;
				GCC_OPTIMIZATION_LEVEL = 0;
				GCC_PREPROCESSOR_DEFINITIONS = (
					"DEBUG=1",
					"$(inherited)",
				);
				GCC_SYMBOLS_PRIVATE_EXTERN = NO;
				GCC_VERSION = "";
				GCC_WARN_ABOUT_MISSING_PROTOTYPES = YES;
				GCC_WARN_ABOUT_RETURN_TYPE = YES;
				GCC_WARN_UNUSED_VARIABLE = YES;
				SDKROOT = iphoneos;
			};
			name = Debug;
		};
		226FB45713E1EA7200BF258D /* Release */ = {
			isa = XCBuildConfiguration;
			buildSettings = {
				ALWAYS_SEARCH_USER_PATHS = NO;
				ARCHS = "$(ARCHS_STANDARD_32_BIT)";
				CLANG_ENABLE_OBJC_ARC = NO;
				"CODE_SIGN_IDENTITY[sdk=iphoneos*]" = "iPhone Developer";
				COPY_PHASE_STRIP = YES;
				GCC_C_LANGUAGE_STANDARD = gnu99;
				GCC_VERSION = "";
				GCC_WARN_ABOUT_MISSING_PROTOTYPES = YES;
				GCC_WARN_ABOUT_RETURN_TYPE = YES;
				GCC_WARN_UNUSED_VARIABLE = YES;
				OTHER_CFLAGS = "-DNS_BLOCK_ASSERTIONS=1";
				SDKROOT = iphoneos;
				VALIDATE_PRODUCT = YES;
			};
			name = Release;
		};
		22E51FD21434E050008F8D41 /* Debug */ = {
			isa = XCBuildConfiguration;
			buildSettings = {
				ARCHS = "$(ARCHS_STANDARD_64_BIT)";
				FRAMEWORK_SEARCH_PATHS = (
					"$(inherited)",
					"\"$(DEVELOPER_FRAMEWORKS_DIR)\"",
				);
				GCC_ENABLE_OBJC_EXCEPTIONS = YES;
				GCC_PRECOMPILE_PREFIX_HEADER = YES;
				GCC_PREFIX_HEADER = "Source/Prefix/$(CONFIGURATION)Prefix.pch";
				GCC_VERSION = com.apple.compilers.llvm.clang.1_0;
				GCC_WARN_64_TO_32_BIT_CONVERSION = YES;
				HEADER_SEARCH_PATHS = "$(CONFIGURATION_BUILD_DIR)/includes/**";
				INFOPLIST_FILE = Resources/Info.plist;
				MACOSX_DEPLOYMENT_TARGET = 10.7;
				ONLY_ACTIVE_ARCH = YES;
				PRODUCT_NAME = "$(TARGET_NAME)";
				SDKROOT = macosx;
				WRAPPER_EXTENSION = app;
			};
			name = Debug;
		};
		22E51FD31434E050008F8D41 /* Release */ = {
			isa = XCBuildConfiguration;
			buildSettings = {
				ARCHS = "$(ARCHS_STANDARD_64_BIT)";
				DEBUG_INFORMATION_FORMAT = "dwarf-with-dsym";
				FRAMEWORK_SEARCH_PATHS = (
					"$(inherited)",
					"\"$(DEVELOPER_FRAMEWORKS_DIR)\"",
				);
				GCC_ENABLE_OBJC_EXCEPTIONS = YES;
				GCC_PRECOMPILE_PREFIX_HEADER = YES;
				GCC_PREFIX_HEADER = "Prefix/$(CONFIGURATION)Prefix.pch";
				GCC_VERSION = com.apple.compilers.llvm.clang.1_0;
				GCC_WARN_64_TO_32_BIT_CONVERSION = YES;
				HEADER_SEARCH_PATHS = "$(CONFIGURATION_BUILD_DIR)/includes/**";
				INFOPLIST_FILE = Resources/Info.plist;
				MACOSX_DEPLOYMENT_TARGET = 10.7;
				PRODUCT_NAME = "$(TARGET_NAME)";
				SDKROOT = macosx;
				WRAPPER_EXTENSION = app;
			};
			name = Release;
		};
/* End XCBuildConfiguration section */

/* Begin XCConfigurationList section */
		226FB43113E1EA7200BF258D /* Build configuration list for PBXProject "ECLoggingSample" */ = {
			isa = XCConfigurationList;
			buildConfigurations = (
				226FB45613E1EA7200BF258D /* Debug */,
				226FB45713E1EA7200BF258D /* Release */,
			);
			defaultConfigurationIsVisible = 0;
			defaultConfigurationName = Release;
		};
		22E51FD41434E050008F8D41 /* Build configuration list for PBXNativeTarget "ECLoggingSample" */ = {
			isa = XCConfigurationList;
			buildConfigurations = (
				22E51FD21434E050008F8D41 /* Debug */,
				22E51FD31434E050008F8D41 /* Release */,
			);
			defaultConfigurationIsVisible = 0;
			defaultConfigurationName = Release;
		};
/* End XCConfigurationList section */
	};
	rootObject = 226FB42E13E1EA7200BF258D /* Project object */;
}
